{
  "version": 2,
  "dependencies": {
    "net10.0": {
      "Meziantou.Analyzer": {
        "type": "Direct",
        "requested": "[3.0.177, )",
        "resolved": "3.0.177",
        "contentHash": "Un9RDShcg4kaNiQtNJvNaRQU5ogcFCB6YLSL2TLx49hmLSU+vd6YixciWxWmoKIOdGvPV27dqHHFIBm8qd5U1Q=="
      },
      "Microsoft.DotNet.ILCompiler": {
        "type": "Direct",
        "requested": "[10.0.11, )",
        "resolved": "10.0.11",
        "contentHash": "yloFUsIQOzspIsn2cDHrbgikKaWHAZspzj0EWxnWJJpFC89IBW64OXgCECsrrnzGWQvy1iLX9r5/R4zBf7Am3g=="
      },
      "Microsoft.Extensions.Configuration.EnvironmentVariables": {
        "type": "Direct",
        "requested": "[10.0.11, )",
        "resolved": "10.0.11",
        "contentHash": "KICyU3eVi5jvloKm01EXV69L97H/zkhISVtV98cIuzuFOxNx3xTUVcXqvWTz3aq7OvUuDB/MFlPFjmxRaKF7/A==",
        "dependencies": {
          "Microsoft.Extensions.Configuration": "10.0.11",
          "Microsoft.Extensions.Configuration.Abstractions": "10.0.11"
        }
      },
      "Microsoft.Extensions.Hosting": {
        "type": "Direct",
        "requested": "[10.0.11, )",
        "resolved": "10.0.11",
        "contentHash": "eIDa/Rl+93aj17gMlFsJJx+LhBvb3CP0Mu1PeVYkDp2Y3S4Jock8UynfGQEcx7lrlq+gKW+ECQJHbro/LTPDEQ==",
        "dependencies": {
          "Microsoft.Extensions.Configuration": "10.0.11",
          "Microsoft.Extensions.Configuration.Abstractions": "10.0.11",
          "Microsoft.Extensions.Configuration.Binder": "10.0.11",
          "Microsoft.Extensions.Configuration.CommandLine": "10.0.11",
          "Microsoft.Extensions.Configuration.EnvironmentVariables": "10.0.11",
          "Microsoft.Extensions.Configuration.FileExtensions": "10.0.11",
          "Microsoft.Extensions.Configuration.Json": "10.0.11",
          "Microsoft.Extensions.Configuration.UserSecrets": "10.0.11",
          "Microsoft.Extensions.DependencyInjection": "10.0.11",
          "Microsoft.Extensions.DependencyInjection.Abstractions": "10.0.11",
          "Microsoft.Extensions.Diagnostics": "10.0.11",
          "Microsoft.Extensions.FileProviders.Abstractions": "10.0.11",
          "Microsoft.Extensions.FileProviders.Physical": "10.0.11",
          "Microsoft.Extensions.Hosting.Abstractions": "10.0.11",
          "Microsoft.Extensions.Logging": "10.0.11",
          "Microsoft.Extensions.Logging.Abstractions": "10.0.11",
          "Microsoft.Extensions.Logging.Configuration": "10.0.11",
          "Microsoft.Extensions.Logging.Console": "10.0.11",
          "Microsoft.Extensions.Logging.Debug": "10.0.11",
          "Microsoft.Extensions.Logging.EventLog": "10.0.11",
          "Microsoft.Extensions.Logging.EventSource": "10.0.11",
          "Microsoft.Extensions.Options": "10.0.11"
        }
      },
      "Microsoft.Extensions.Logging.Console": {
        "type": "Direct",
        "requested": "[10.0.11, )",
        "resolved": "10.0.11",
        "contentHash": "dFc0yDudyD1iIg6z9XT7ofsT3hVO7Y4ylrxGHIVRR0GaZ4CUk4ujOrMoy7wWEdNHZhvJooySg6hZpOxyS8zEVA==",
        "dependencies": {
          "Microsoft.Extensions.DependencyInjection.Abstractions": "10.0.11",
          "Microsoft.Extensions.Logging": "10.0.11",
          "Microsoft.Extensions.Logging.Abstractions": "10.0.11",
          "Microsoft.Extensions.Logging.Configuration": "10.0.11",
          "Microsoft.Extensions.Options": "10.0.11"
        }
      },
      "Microsoft.NET.ILLink.Tasks": {
        "type": "Direct",
        "requested": "[10.0.11, )",
        "resolved": "10.0.11",
        "contentHash": "IBf7lbovvjGWVWXZX5cJ/cO0WXbId0Zq4BuSeT94mGZuOAP66oMeH9PTBZ9Jpp3Jb6jtK0qm/NyUbPRo1gC/wQ=="
      },
      "System.CommandLine": {
        "type": "Direct",
        "requested": "[2.0.11, )",
        "resolved": "2.0.11",
        "contentHash": "Pmg3/T0M37ZS3ovwPHtfBNTCdqNpnxo+tnZMg8JDHVR0qD8KwcPUKlheEiZysb1En8IyH7yDoa9QDq97Ny/vhQ=="
      },
      "ZLinq": {
        "type": "Direct",
        "requested": "[1.5.6, )",
        "resolved": "1.5.6",
        "contentHash": "O2lcAZ1hC2zytrTuJV8WwpGbFURvsAApIEkmFJUKL3CFpedt1cgNVn+ZF00YyN321NL7Vz766wHxIPTzSyfUWg=="
      },
      "CommunityToolkit.HighPerformance": {
        "type": "Transitive",
        "resolved": "8.3.0",
        "contentHash": "2zc0Wfr9OtEbLqm6J1Jycim/nKmYv+v12CytJ3tZGNzw7n3yjh1vNCMX0kIBaFBk3sw8g0pMR86QJGXGlArC+A=="
      },
      "Corvus.HighPerformance": {
        "type": "Transitive",
        "resolved": "1.0.4",
        "contentHash": "ZSGaQQA3TosSth7bJd/pqMr+LipUiqT1/c0gxli1tI9Rn3JyxHvobnkaBLT42Mwmc49J5HEIogCn+B0+ee4k2w=="
      },
      "Corvus.Json.JsonReference": {
        "type": "Transitive",
        "resolved": "5.4.2",
        "contentHash": "/uZdfZSeKDNKjzu3Pr7UuSIwuBO5Hk3a6qolUfF5Vm1LIxG9wLl+o0j1NfNjqGcOfT5bfJtrWSDvgLKDZm6+6Q==",
        "dependencies": {
          "Corvus.HighPerformance": "1.0.4"
        }
      },
      "LibGit2Sharp.NativeBinaries": {
        "type": "Transitive",
        "resolved": "2.0.324",
        "contentHash": "5YZVGNuO9nYFQfzRQGPGY9fdpSsABwlF2jSaZ7ydxCfjvt5Krbj/eHbXkvvgAQzp4lkjvgDrlAuuI4KTmqhDlA=="
      },
      "Microsoft.AspNet.WebApi.Client": {
        "type": "Transitive",
        "resolved": "5.2.7",
        "contentHash": "/76fAHknzvFqbznS6Uj2sOyE9rJB3PltY+f53TH8dX9RiGhk02EhuFCWljSj5nnqKaTsmma8DFR50OGyQ4yJ1g==",
        "dependencies": {
          "Newtonsoft.Json": "10.0.1",
          "Newtonsoft.Json.Bson": "1.0.1"
        }
      },
      "Microsoft.Extensions.Configuration": {
        "type": "Transitive",
        "resolved": "10.0.11",
        "contentHash": "wlhRqZW8LcJPa+vk2oLAc/REXDItHtkFQdf/QcXYGZbZOO13izcsKY1pCvuFQYwUiZD+hwSZwsKASjqT+BNaVg==",
        "dependencies": {
          "Microsoft.Extensions.Configuration.Abstractions": "10.0.11",
          "Microsoft.Extensions.Primitives": "10.0.11"
        }
      },
      "Microsoft.Extensions.Configuration.Binder": {
        "type": "Transitive",
        "resolved": "10.0.11",
        "contentHash": "rFn8RuszZn3qquPVkDytMUlPc2+rXl9MCoygwc1XmAgC5vg5/oXJ8hkOosOrLoBLsqdTy4lFwP6iQdPS9uSYOA==",
        "dependencies": {
          "Microsoft.Extensions.Configuration": "10.0.11",
          "Microsoft.Extensions.Configuration.Abstractions": "10.0.11"
        }
      },
      "Microsoft.Extensions.Configuration.CommandLine": {
        "type": "Transitive",
        "resolved": "10.0.11",
        "contentHash": "1KHr/1L56llwQ/yI0tAisEA31UpPsn8aasjASIwELOaN4JIUcbjuQBMdFOIzfNBBeULoUa0XfBe5QDtRRUY+fg==",
        "dependencies": {
          "Microsoft.Extensions.Configuration": "10.0.11",
          "Microsoft.Extensions.Configuration.Abstractions": "10.0.11"
        }
      },
      "Microsoft.Extensions.Configuration.FileExtensions": {
        "type": "Transitive",
        "resolved": "10.0.11",
        "contentHash": "mDW7KVFB05M6jiRUyaZiOMWhS31n5HlSZwoYctHAZAucD4sMDJ70IxOmkGDt6RpstchD+keWBjhdzcMpSkWvWQ==",
        "dependencies": {
          "Microsoft.Extensions.Configuration": "10.0.11",
          "Microsoft.Extensions.Configuration.Abstractions": "10.0.11",
          "Microsoft.Extensions.FileProviders.Abstractions": "10.0.11",
          "Microsoft.Extensions.FileProviders.Physical": "10.0.11",
          "Microsoft.Extensions.Primitives": "10.0.11"
        }
      },
      "Microsoft.Extensions.Configuration.Json": {
        "type": "Transitive",
        "resolved": "10.0.11",
        "contentHash": "nSPrT8U/cNoB4coqkmnanAMK9PsL7lsjG+LLUKEwHRFwS6E78b8S1wdv/y88EOxBhasWov1rLd7RTHmmsYPOLg==",
        "dependencies": {
          "Microsoft.Extensions.Configuration": "10.0.11",
          "Microsoft.Extensions.Configuration.Abstractions": "10.0.11",
          "Microsoft.Extensions.Configuration.FileExtensions": "10.0.11",
          "Microsoft.Extensions.FileProviders.Abstractions": "10.0.11"
        }
      },
      "Microsoft.Extensions.Configuration.UserSecrets": {
        "type": "Transitive",
        "resolved": "10.0.11",
        "contentHash": "BRliLdUowglV8GS+J1G/QsSofCJYYFg3U8QZx0ACRn+a91az/Qnpy+h6PyHS94WgV2TSazX5D/cuuk6wnCJatw==",
        "dependencies": {
          "Microsoft.Extensions.Configuration.Abstractions": "10.0.11",
          "Microsoft.Extensions.Configuration.Json": "10.0.11",
          "Microsoft.Extensions.FileProviders.Abstractions": "10.0.11",
          "Microsoft.Extensions.FileProviders.Physical": "10.0.11"
        }
      },
      "Microsoft.Extensions.DependencyInjection": {
        "type": "Transitive",
        "resolved": "10.0.11",
        "contentHash": "PSmotV19c7E3lKed++uYo1kSiXFI+uTl37CBSrhq+CfLC3FCHjG7R91+xPnNehQfHS1b0Tzo/CCLPWH3qaEheg==",
        "dependencies": {
          "Microsoft.Extensions.DependencyInjection.Abstractions": "10.0.11"
        }
      },
      "Microsoft.Extensions.Diagnostics": {
        "type": "Transitive",
        "resolved": "10.0.11",
        "contentHash": "HT70uGPxMLqqnOzKMcnQtDmeV4r0KHr4qVCLhP7SXil9jMEm8sQXwcybxVVFGXZJ1V44xV0mLqQ54aZbcR2OiQ==",
        "dependencies": {
          "Microsoft.Extensions.Configuration": "10.0.11",
          "Microsoft.Extensions.Diagnostics.Abstractions": "10.0.11",
          "Microsoft.Extensions.Options.ConfigurationExtensions": "10.0.11"
        }
      },
      "Microsoft.Extensions.Diagnostics.Abstractions": {
        "type": "Transitive",
        "resolved": "10.0.11",
        "contentHash": "se7Kx8QpJEt+nf26L4qIVAofGTDr1wbexxsh/Fm3Xc04xUkqUXK06KUS7FLwSQYSjqb7q9n+T7MEcXYBhI1Y5g==",
        "dependencies": {
          "Microsoft.Extensions.DependencyInjection.Abstractions": "10.0.11",
          "Microsoft.Extensions.Options": "10.0.11"
        }
      },
      "Microsoft.Extensions.FileProviders.Abstractions": {
        "type": "Transitive",
        "resolved": "10.0.11",
        "contentHash": "JOjac6SQQgZmdmB8WGEw61/7siqMZoWJMkmq2p1goJGxqI59lO6oB4bOl0jNsbaPBdYy5Mlkb+6U7T4+CjnD8Q==",
        "dependencies": {
          "Microsoft.Extensions.Primitives": "10.0.11"
        }
      },
      "Microsoft.Extensions.FileProviders.Physical": {
        "type": "Transitive",
        "resolved": "10.0.11",
        "contentHash": "Tq/UqMaczePv9yWwSsJZRgKtgA46djVR5xHj/lZBCueQ3ag8f9v5mu0EdhrNx7tXxNk+Y9OurG2oKuSKINjr0A==",
        "dependencies": {
          "Microsoft.Extensions.FileProviders.Abstractions": "10.0.11",
          "Microsoft.Extensions.FileSystemGlobbing": "10.0.11",
          "Microsoft.Extensions.Primitives": "10.0.11"
        }
      },
      "Microsoft.Extensions.FileSystemGlobbing": {
        "type": "Transitive",
        "resolved": "10.0.11",
        "contentHash": "2i6rtW/B5rCnWCnhdmWWEmaM9O0HD0zsPY9eRqa++y4tclI3Uw8zvGbBvhY/LjAdtf8gUHhUPcAWj3DRlWMXmQ=="
      },
      "Microsoft.Extensions.Hosting.Abstractions": {
        "type": "Transitive",
        "resolved": "10.0.11",
        "contentHash": "pwtpF7iF/NNaOBcX+pvMZ7y2+JAVbH5KkNrH9uMZtuVxVJsFTDiWiCR7Tk3HVptsAijaetipUZVRVK2LLq+nvA==",
        "dependencies": {
          "Microsoft.Extensions.Configuration.Abstractions": "10.0.11",
          "Microsoft.Extensions.DependencyInjection.Abstractions": "10.0.11",
          "Microsoft.Extensions.Diagnostics.Abstractions": "10.0.11",
          "Microsoft.Extensions.FileProviders.Abstractions": "10.0.11",
          "Microsoft.Extensions.Logging.Abstractions": "10.0.11"
        }
      },
      "Microsoft.Extensions.Logging": {
        "type": "Transitive",
        "resolved": "10.0.11",
        "contentHash": "nUOJwgFkSiLHiVGFpU22pIJtuWYewuSYQ3JVuP/gdK8ASMT807Px+TYQiRWs6uSsOmoyFTaVCwKXTasczV6BpA==",
        "dependencies": {
          "Microsoft.Extensions.DependencyInjection": "10.0.11",
          "Microsoft.Extensions.Logging.Abstractions": "10.0.11",
          "Microsoft.Extensions.Options": "10.0.11"
        }
      },
      "Microsoft.Extensions.Logging.Configuration": {
        "type": "Transitive",
        "resolved": "10.0.11",
        "contentHash": "S7LvLeVHKNPaY2NMyxW7c2TBGsLgxoSUBCV5Ev5iN8kgC7EPR2UB7eW7vHsElGMcIUDwRmoxLfvGDynCn3q6EA==",
        "dependencies": {
          "Microsoft.Extensions.Configuration": "10.0.11",
          "Microsoft.Extensions.Configuration.Abstractions": "10.0.11",
          "Microsoft.Extensions.Configuration.Binder": "10.0.11",
          "Microsoft.Extensions.DependencyInjection.Abstractions": "10.0.11",
          "Microsoft.Extensions.Logging": "10.0.11",
          "Microsoft.Extensions.Logging.Abstractions": "10.0.11",
          "Microsoft.Extensions.Options": "10.0.11",
          "Microsoft.Extensions.Options.ConfigurationExtensions": "10.0.11"
        }
      },
      "Microsoft.Extensions.Logging.Debug": {
        "type": "Transitive",
        "resolved": "10.0.11",
        "contentHash": "wr+j1bjdFXhc8lKTLoq+RbwFM8M+orcMS9xrcqLmDGOxJcXpKizEeE5h6v/GKwCZV02FmhaA7OlNjoq072jZpQ==",
        "dependencies": {
          "Microsoft.Extensions.DependencyInjection.Abstractions": "10.0.11",
          "Microsoft.Extensions.Logging": "10.0.11",
          "Microsoft.Extensions.Logging.Abstractions": "10.0.11"
        }
      },
      "Microsoft.Extensions.Logging.EventLog": {
        "type": "Transitive",
        "resolved": "10.0.11",
        "contentHash": "Eck9GpCCpvZ3f6L7IUlN+mPtRVefnf7PsiIG5vi61QawPtLNCEAv2TPD/M3SojcU0PFaef+BxiVGPOShFHtDog==",
        "dependencies": {
          "Microsoft.Extensions.DependencyInjection.Abstractions": "10.0.11",
          "Microsoft.Extensions.Logging": "10.0.11",
          "Microsoft.Extensions.Logging.Abstractions": "10.0.11",
          "Microsoft.Extensions.Options": "10.0.11",
          "System.Diagnostics.EventLog": "10.0.11"
        }
      },
      "Microsoft.Extensions.Logging.EventSource": {
        "type": "Transitive",
        "resolved": "10.0.11",
        "contentHash": "hs6QWECLLohi2VKqUvSGRUvrg7eXR1DqKL95Jrtz3cdD2g2nBA+yJPdRQLZ7SLmnTZWycxfMDK2s0ho+rfst5w==",
        "dependencies": {
          "Microsoft.Extensions.DependencyInjection.Abstractions": "10.0.11",
          "Microsoft.Extensions.Logging": "10.0.11",
          "Microsoft.Extensions.Logging.Abstractions": "10.0.11",
          "Microsoft.Extensions.Options": "10.0.11",
          "Microsoft.Extensions.Primitives": "10.0.11"
        }
      },
      "Microsoft.Extensions.Options": {
        "type": "Transitive",
        "resolved": "10.0.11",
        "contentHash": "eY1GAKcTfD2maP27J84X9IovT3yjHJ2dVDzPmDg6/XqYvt3jMzJhtfQCLjG9pVsZGAd+8DQ2QrjaDcs2+VQLGw==",
        "dependencies": {
          "Microsoft.Extensions.DependencyInjection.Abstractions": "10.0.11",
          "Microsoft.Extensions.Primitives": "10.0.11"
        }
      },
      "Microsoft.Extensions.Primitives": {
        "type": "Transitive",
        "resolved": "10.0.11",
        "contentHash": "SXcz+kF+4Oo9b1+55zntpJFYfwb1jw66ioxptyNOOTDc8g2FHnBFWjZpsWfCvZIhzr0x+4e2trVTs4OKwQfBtw=="
      },
      "Microsoft.Identity.Client": {
        "type": "Transitive",
        "resolved": "4.84.2",
        "contentHash": "Va9FjmABSgj/lcUfHH0pBNQkmS7SNyepz2ERV7Yynp6QgEYpFdSqR6Vzy1WWipN8GS5pBHuXoZbqaDWuARCrHQ==",
        "dependencies": {
          "Microsoft.IdentityModel.Abstractions": "8.14.0"
        }
      },
      "Microsoft.Identity.Client.Extensions.Msal": {
        "type": "Transitive",
        "resolved": "4.84.2",
        "contentHash": "+D98LaU3dOu/Nzs6kgbBJapMvH7iwYcAeC99XwSkpmEadsPv6rozecOl9P6m4A3RfpOuPt9e6J6TwwUUp3+M4w==",
        "dependencies": {
          "Microsoft.Identity.Client": "4.84.2",
          "System.Security.Cryptography.ProtectedData": "4.5.0"
        }
      },
      "Microsoft.IdentityModel.Abstractions": {
        "type": "Transitive",
        "resolved": "8.14.0",
        "contentHash": "iwbCpSjD3ehfTwBhtSNEtKPK0ICun6ov7Ibx6ISNA9bfwIyzI2Siwyi9eJFCJBwxowK9xcA1mj+jBWiigeqgcQ=="
      },
      "Microsoft.TeamFoundation.DistributedTask.Common.Contracts": {
        "type": "Transitive",
        "resolved": "19.225.2",
        "contentHash": "u4DpSuX6bxph4rQC69h9oMHsksRC4sUdyjbLpEviwgTUUwoswrL1GhOZvDTXgGCYGThHJLGVh0SHt34ZGxDKXA==",
        "dependencies": {
          "Microsoft.VisualStudio.Services.Client": "[19.225.2]"
        }
      },
      "Microsoft.VisualStudio.Services.Client": {
        "type": "Transitive",
        "resolved": "19.225.2",
        "contentHash": "o4hndlWGpOhDCWL5zZ4v1tbsxGHf9NiiytlerKW8LS0jLASLv6hWH7neo5tUhygfPKS6Was8fXyxQOSsVVGTsg==",
        "dependencies": {
          "Microsoft.AspNet.WebApi.Client": "5.2.7",
          "Newtonsoft.Json": "13.0.2",
          "System.Configuration.ConfigurationManager": "6.0.1",
          "System.Data.SqlClient": "4.8.5",
          "System.Security.Cryptography.ProtectedData": "6.0.0",
          "System.Xml.XPath.XmlDocument": "4.3.0"
        }
      },
      "Microsoft.Win32.SystemEvents": {
        "type": "Transitive",
        "resolved": "6.0.0",
        "contentHash": "hqTM5628jSsQiv+HGpiq3WKBl2c8v1KZfby2J6Pr7pEPlK9waPdgEO6b8A/+/xn/yZ9ulv8HuqK71ONy2tg67A=="
      },
      "NETStandard.Library": {
        "type": "Transitive",
        "resolved": "1.6.1",
        "contentHash": "WcSp3+vP+yHNgS8EV5J7pZ9IRpeDuARBPN28by8zqff1wJQXm26PVU8L3/fYLBJVU7BtDyqNVWq2KlCVvSSR4A==",
        "dependencies": {
          "Microsoft.NETCore.Platforms": "1.1.0"
        }
      },
      "Newtonsoft.Json.Bson": {
        "type": "Transitive",
        "resolved": "1.0.1",
        "contentHash": "5PYT/IqQ+UK31AmZiSS102R6EsTo+LGTSI8bp7WAUqDKaF4wHXD8U9u4WxTI1vc64tYi++8p3dk3WWNqPFgldw==",
        "dependencies": {
          "NETStandard.Library": "1.6.1",
          "Newtonsoft.Json": "10.0.1"
        }
      },
      "NuGet.Common": {
        "type": "Transitive",
        "resolved": "7.9.0",
        "contentHash": "OWFEzHpwvgzSaHYmWzfbyTm6oBOy/BFSFEDk73zM9jiJaxdopYZ/DrqIQogaM3F+ZGTppBJffmzu5adetEI/YA==",
        "dependencies": {
          "NuGet.Frameworks": "7.9.0"
        }
      },
      "NuGet.Configuration": {
        "type": "Transitive",
        "resolved": "7.9.0",
        "contentHash": "oY9XZp+TWjOmiGmU4R4JWBRY3F4TAVo7tqPr/z7MOsFcEpdYHMryjNSscoLBxUTR3WmFmYgO0Gvu4eRbz6pzOg==",
        "dependencies": {
          "NuGet.Common": "7.9.0",
          "System.Security.Cryptography.ProtectedData": "8.0.0"
        }
      },
      "NuGet.DependencyResolver.Core": {
        "type": "Transitive",
        "resolved": "7.9.0",
        "contentHash": "0OVtQufJaPMJGdGpjuPmsDwvYX1SdE1L0XDCGfSnIPDj/tyUKILAuVrjHINPFl7smrsdtmoIlIJkEEDYpd1LMQ==",
        "dependencies": {
          "NuGet.Configuration": "7.9.0",
          "NuGet.LibraryModel": "7.9.0",
          "NuGet.Protocol": "7.9.0"
        }
      },
      "NuGet.Frameworks": {
        "type": "Transitive",
        "resolved": "7.9.0",
        "contentHash": "w2adPmgUafmW9ON1MzDjuHmViN0vtiPV48Dz3OE6px8BiGSqrnWHOjwFEPOEPAZx20J1c7bxp90Hxo9l4xGWtw=="
      },
      "NuGet.LibraryModel": {
        "type": "Transitive",
        "resolved": "7.9.0",
        "contentHash": "96/6qeHY4CfOpMyk6XyOBbNF1QD50iFNFs2rs0ppBG3EYF5FyWZHvRHZoq3COXM2zlKmqrGt0EBCUkgdXvyGfw==",
        "dependencies": {
          "NuGet.Common": "7.9.0",
          "NuGet.Versioning": "7.9.0"
        }
      },
      "NuGet.Packaging": {
        "type": "Transitive",
        "resolved": "7.9.0",
        "contentHash": "Q2jxuud5kJLV0rUzsC02iC5ts8QsQu9UVyMvF8lULY3TwHL/W/PrnQ9bQFvMR7jJkzF1uilRPI1o+7VOtc2XMg==",
        "dependencies": {
          "Newtonsoft.Json": "13.0.3",
          "NuGet.Configuration": "7.9.0",
          "NuGet.Versioning": "7.9.0",
          "System.Security.Cryptography.Pkcs": "8.0.1"
        }
      },
      "NuGet.Protocol": {
        "type": "Transitive",
        "resolved": "7.9.0",
        "contentHash": "Ts0qPUGJYfFHhlNSSWWrkaSG6++WqS6ry32WmQA7eNdzTc9SumyhDflITcusBYkT6pEQD5BI1UEByakciV3s0A==",
        "dependencies": {
          "NuGet.Packaging": "7.9.0"
        }
      },
      "NuGet.Versioning": {
        "type": "Transitive",
        "resolved": "7.9.0",
        "contentHash": "r4sZuVpVqwSBLe4qYDrnpScqdyctlRXg0HSF5OoCGkeBc8b+o8BBYHuI/u1RoWYX78PbieijU13TBt71/Xf3lw=="
      },
      "runtime.native.System.Data.SqlClient.sni": {
        "type": "Transitive",
        "resolved": "4.4.0",
        "contentHash": "A8v6PGmk+UGbfWo5Ixup0lPM4swuSwOiayJExZwKIOjTlFFQIsu3QnDXECosBEyrWSPryxBVrdqtJyhK3BaupQ==",
        "dependencies": {
          "runtime.win-arm64.runtime.native.System.Data.SqlClient.sni": "4.4.0",
          "runtime.win-x64.runtime.native.System.Data.SqlClient.sni": "4.4.0",
          "runtime.win-x86.runtime.native.System.Data.SqlClient.sni": "4.4.0"
        }
      },
      "runtime.win-arm64.runtime.native.System.Data.SqlClient.sni": {
        "type": "Transitive",
        "resolved": "4.4.0",
        "contentHash": "LbrynESTp3bm5O/+jGL8v0Qg5SJlTV08lpIpFesXjF6uGNMWqFnUQbYBJwZTeua6E/Y7FIM1C54Ey1btLWupdg=="
      },
      "runtime.win-x64.runtime.native.System.Data.SqlClient.sni": {
        "type": "Transitive",
        "resolved": "4.4.0",
        "contentHash": "38ugOfkYJqJoX9g6EYRlZB5U2ZJH51UP8ptxZgdpS07FgOEToV+lS11ouNK2PM12Pr6X/PpT5jK82G3DwH/SxQ=="
      },
      "runtime.win-x86.runtime.native.System.Data.SqlClient.sni": {
        "type": "Transitive",
        "resolved": "4.4.0",
        "contentHash": "YhEdSQUsTx+C8m8Bw7ar5/VesXvCFMItyZF7G1AUY+OM0VPZUOeAVpJ4Wl6fydBGUYZxojTDR3I6Bj/+BPkJNA=="
      },
      "System.ClientModel": {
        "type": "Transitive",
        "resolved": "1.15.0",
        "contentHash": "y6zQLInrpX+oGL1gXM04DrUSu1O1esWxt4rD/zrujTnzIFChn/noD1OiVVpTrU8ZvglwqO2Uw038svUR3SiAOg==",
        "dependencies": {
          "Microsoft.Extensions.Configuration.Abstractions": "10.0.9",
          "Microsoft.Extensions.Hosting.Abstractions": "10.0.9",
          "Microsoft.Extensions.Logging.Abstractions": "10.0.9",
          "System.Memory.Data": "10.0.9"
        }
      },
      "System.ComponentModel.Annotations": {
        "type": "Transitive",
        "resolved": "5.0.0",
        "contentHash": "dMkqfy2el8A8/I76n2Hi1oBFEbG1SfxD2l5nhwXV3XjlnOmwxJlQbYpJH4W51odnU9sARCSAgv7S3CyAFMkpYg=="
      },
      "System.Configuration.ConfigurationManager": {
        "type": "Transitive",
        "resolved": "6.0.1",
        "contentHash": "jXw9MlUu/kRfEU0WyTptAVueupqIeE3/rl0EZDMlf8pcvJnitQ8HeVEp69rZdaStXwTV72boi/Bhw8lOeO+U2w==",
        "dependencies": {
          "System.Security.Cryptography.ProtectedData": "6.0.0",
          "System.Security.Permissions": "6.0.0"
        }
      },
      "System.Drawing.Common": {
        "type": "Transitive",
        "resolved": "6.0.0",
        "contentHash": "NfuoKUiP2nUWwKZN6twGqXioIe1zVD0RIj2t976A+czLHr2nY454RwwXs6JU9Htc6mwqL6Dn/nEL3dpVf2jOhg==",
        "dependencies": {
          "Microsoft.Win32.SystemEvents": "6.0.0"
        }
      },
      "System.Memory.Data": {
        "type": "Transitive",
        "resolved": "10.0.10",
        "contentHash": "roR+5AeOpflUxJQlqSfsZs/Bvi1uw4KBuTkIgF1e8l0RdalG4AUn84+sjJLclEfOV85gAjc8+Pp540qjDE5UIg=="
      },
      "System.Security.Permissions": {
        "type": "Transitive",
        "resolved": "6.0.0",
        "contentHash": "T/uuc7AklkDoxmcJ7LGkyX1CcSviZuLCa4jg3PekfJ7SU0niF0IVTXwUiNVP9DSpzou2PpxJ+eNY2IfDM90ZCg==",
        "dependencies": {
          "System.Windows.Extensions": "6.0.0"
        }
      },
      "System.Windows.Extensions": {
        "type": "Transitive",
        "resolved": "6.0.0",
        "contentHash": "IXoJOXIqc39AIe+CIR7koBtRGMiCt/LPM3lI+PELtDIy9XdyeSrwXFdWV9dzJ2Awl0paLWUaknLxFQ5HpHZUog==",
        "dependencies": {
          "System.Drawing.Common": "6.0.0"
        }
      },
      "System.Xml.XPath.XmlDocument": {
        "type": "Transitive",
        "resolved": "4.3.0",
        "contentHash": "A/uxsWi/Ifzkmd4ArTLISMbfFs6XpRPsXZonrIqyTY70xi8t+mDtvSM5Os0RqyRDobjMBwIDHDL4NOIbkDwf7A=="
      },
      "aviationexam.dependencyupdater.common": {
        "type": "Project",
        "dependencies": {
          "Aviationexam.DependencyUpdater.Constants": "[1.0.0, )",
          "Aviationexam.DependencyUpdater.Interfaces": "[1.0.0, )",
          "Microsoft.Extensions.Configuration.Abstractions": "[10.0.11, )",
          "Microsoft.Extensions.DependencyInjection.Abstractions": "[10.0.11, )",
          "Microsoft.Extensions.Logging.Abstractions": "[10.0.11, )",
          "Microsoft.Extensions.Options.ConfigurationExtensions": "[10.0.11, )",
          "ZLinq": "[1.5.6, )"
        }
      },
      "aviationexam.dependencyupdater.configurationparser": {
        "type": "Project",
        "dependencies": {
          "Aviationexam.DependencyUpdater.Interfaces": "[1.0.0, )",
          "Corvus.Json.ExtendedTypes": "[5.4.2, )",
          "Corvus.Json.SourceGenerator": "[5.4.2, )",
          "Microsoft.Extensions.Logging.Abstractions": "[10.0.11, )",
          "Yaml2JsonNode": "[3.0.1, )",
          "YamlDotNet": "[18.1.0, )"
        }
      },
      "aviationexam.dependencyupdater.constants": {
        "type": "Project"
      },
      "aviationexam.dependencyupdater.defaultimplementations": {
        "type": "Project",
        "dependencies": {
          "Aviationexam.DependencyUpdater.Interfaces": "[1.0.0, )",
          "Microsoft.Extensions.DependencyInjection.Abstractions": "[10.0.11, )"
        }
      },
      "aviationexam.dependencyupdater.interfaces": {
        "type": "Project"
      },
      "aviationexam.dependencyupdater.nuget": {
        "type": "Project",
        "dependencies": {
          "Aviationexam.DependencyUpdater.Common": "[1.0.0, )",
          "Aviationexam.DependencyUpdater.Interfaces": "[1.0.0, )",
          "Microsoft.Extensions.Logging.Abstractions": "[10.0.11, )",
          "NuGet.ProjectModel": "[7.9.0, )"
        }
      },
      "aviationexam.dependencyupdater.repository.devops": {
        "type": "Project",
        "dependencies": {
          "Aviationexam.DependencyUpdater.Common": "[1.0.0, )",
          "Aviationexam.DependencyUpdater.Constants": "[1.0.0, )",
          "Aviationexam.DependencyUpdater.Interfaces": "[1.0.0, )",
          "Azure.Identity": "[1.21.0, )",
          "Microsoft.Extensions.Configuration.Abstractions": "[10.0.11, )",
          "Microsoft.Extensions.DependencyInjection.Abstractions": "[10.0.11, )",
          "Microsoft.Extensions.Http": "[10.0.11, )",
          "Microsoft.Extensions.Logging.Abstractions": "[10.0.11, )",
          "Microsoft.Extensions.Options.ConfigurationExtensions": "[10.0.11, )",
          "Microsoft.TeamFoundationServer.Client": "[19.225.2, )",
          "Polly.Core": "[8.7.0, )",
          "Polly.Extensions": "[8.7.0, )"
        }
      },
      "aviationexam.dependencyupdater.repository.github": {
        "type": "Project",
        "dependencies": {
          "Aviationexam.DependencyUpdater.Common": "[1.0.0, )",
          "Aviationexam.DependencyUpdater.Constants": "[1.0.0, )",
          "Aviationexam.DependencyUpdater.Interfaces": "[1.0.0, )",
          "Microsoft.Extensions.Configuration.Abstractions": "[10.0.11, )",
          "Microsoft.Extensions.DependencyInjection.Abstractions": "[10.0.11, )",
          "Microsoft.Extensions.Http": "[10.0.11, )",
          "Microsoft.Extensions.Logging.Abstractions": "[10.0.11, )",
          "Microsoft.Extensions.Options.ConfigurationExtensions": "[10.0.11, )",
          "Octokit": "[14.0.0, )",
          "Polly.Core": "[8.7.0, )",
          "Polly.Extensions": "[8.7.0, )"
        }
      },
      "aviationexam.dependencyupdater.vcs.git": {
        "type": "Project",
        "dependencies": {
          "Aviationexam.DependencyUpdater.Constants": "[1.0.0, )",
          "Aviationexam.DependencyUpdater.Interfaces": "[1.0.0, )",
          "LibGit2Sharp": "[0.32.0, )",
          "Microsoft.Extensions.Logging.Abstractions": "[10.0.11, )",
          "ZLinq": "[1.5.6, )"
        }
      },
      "Azure.Core": {
        "type": "CentralTransitive",
        "requested": "[1.62.0, )",
        "resolved": "1.62.0",
        "contentHash": "C0ijs91ZW2uhF/VwGLXeayb+RwTWhDxKnrsmqPWg5HkYtPQ93mzaydyMCjAzE0AG5yHc1bpaPc+NPlZUgz3w8g==",
        "dependencies": {
          "Microsoft.Bcl.AsyncInterfaces": "10.0.10",
          "Microsoft.Extensions.Configuration.Abstractions": "10.0.10",
          "Microsoft.Extensions.Hosting.Abstractions": "10.0.10",
          "Microsoft.Identity.Client": "4.84.2",
          "Microsoft.Identity.Client.Extensions.Msal": "4.84.2",
          "System.ClientModel": "1.15.0",
          "System.Memory.Data": "10.0.10"
        }
      },
      "Azure.Identity": {
        "type": "CentralTransitive",
        "requested": "[1.21.0, )",
        "resolved": "1.21.0",
        "contentHash": "GeFv8sGwRKvDKwI2WFy8r0mhmlxEVZg24Sit2NogTjiSO8RVjllWM65OT6e1sKjOvG8V74y7hAbaELUUPjZQSw==",
        "dependencies": {
          "Azure.Core": "1.53.0"
        }
      },
      "Corvus.Json.ExtendedTypes": {
        "type": "CentralTransitive",
        "requested": "[5.4.2, )",
        "resolved": "5.4.2",
        "contentHash": "tVztNobPquU0nMWZbGH3ce6sRnmQ0iQSXjB4AxMo/XeEAMlL3dn5u+i9dv9b2JyaSjYBL6wzyWdTc8VtwD9PUg==",
        "dependencies": {
          "Corvus.Json.JsonReference": "5.4.2",
          "Corvus.UriTemplates": "2.3.2",
          "NodaTime": "3.3.1"
        }
      },
      "Corvus.Json.SourceGenerator": {
        "type": "CentralTransitive",
        "requested": "[5.4.2, )",
        "resolved": "5.4.2",
        "contentHash": "H0leD5qafKXIab6urBZ0jM8mypdYInhv4VmHdL9T8HjKOAK3nk/nWsASrc9780FcmTukmdCNdMwmbNLAIVerQw=="
      },
      "Corvus.UriTemplates": {
        "type": "CentralTransitive",
        "requested": "[2.3.2, )",
        "resolved": "2.3.2",
        "contentHash": "XAhHr0F6IOhunpIHFzG0HQSj+/X8L1lSJAExYQl9OEIZGAUZ81pbqWtxuIHL080y1u2dEmw796D7XmM44Je2gw==",
        "dependencies": {
          "CommunityToolkit.HighPerformance": "8.3.0",
          "Corvus.HighPerformance": "1.0.0",
          "Microsoft.Extensions.ObjectPool": "8.0.8"
        }
      },
      "LibGit2Sharp": {
        "type": "CentralTransitive",
        "requested": "[0.32.0, )",
        "resolved": "0.32.0",
        "contentHash": "BL3eMVRnkWWS9zbz6n0H+iDVJ9ZK7hDeiuASnHlsFvwZYTJtDuBFRRVIaH//s4VlF0baOGvCeenXbobE1JLLiQ==",
        "dependencies": {
          "LibGit2Sharp.NativeBinaries": "[2.0.324]"
        }
      },
      "Microsoft.Bcl.AsyncInterfaces": {
        "type": "CentralTransitive",
        "requested": "[10.0.11, )",
        "resolved": "10.0.11",
        "contentHash": "pUkYI1f99hY9giu/MRaEVN53RO7skXwR7FGtVvFJCK5ezdg5i0W+z1yj/91X5aKv07xGuSB5n1g/Zt2P4Ooq6g=="
      },
      "Microsoft.Extensions.Configuration.Abstractions": {
        "type": "CentralTransitive",
        "requested": "[10.0.11, )",
        "resolved": "10.0.11",
        "contentHash": "fVi053xdpda9Em7vSkmgVxO/PtgC2m78ekReKWsgcyskqY0U82Bz/MONwxpGzI0hElYKJfw+fupqMVeKW3fSaA==",
        "dependencies": {
          "Microsoft.Extensions.Primitives": "10.0.11"
        }
      },
      "Microsoft.Extensions.DependencyInjection.Abstractions": {
        "type": "CentralTransitive",
        "requested": "[10.0.11, )",
        "resolved": "10.0.11",
        "contentHash": "/a1aJz4m7ylhEDf25ugQChLQoN5XwoGjWw/BoR/ZWWKsO1v4DdJElS1uyngahz4B/eOzjFk1KNTkarRLE5wsIg=="
      },
      "Microsoft.Extensions.Http": {
        "type": "CentralTransitive",
        "requested": "[10.0.11, )",
        "resolved": "10.0.11",
        "contentHash": "ujx8RvcKzkxPFBguwgiygbwWVHVK0P7HFlNJ6I0JBRb28tzwe42jixBoA+dGmqG9IHepPVcm04vv2IDnU93ekA==",
        "dependencies": {
          "Microsoft.Extensions.Configuration.Abstractions": "10.0.11",
          "Microsoft.Extensions.DependencyInjection.Abstractions": "10.0.11",
          "Microsoft.Extensions.Diagnostics": "10.0.11",
          "Microsoft.Extensions.Logging": "10.0.11",
          "Microsoft.Extensions.Logging.Abstractions": "10.0.11",
          "Microsoft.Extensions.Options": "10.0.11"
        }
      },
      "Microsoft.Extensions.Logging.Abstractions": {
        "type": "CentralTransitive",
        "requested": "[10.0.11, )",
        "resolved": "10.0.11",
        "contentHash": "Ljd0Uxoq5XpScD2Bg0nM/r3mwx7Ao5Uq24eo2ARxbGvqJ7Zht6rt2cJtwVRH4Cv+1ZVMdXz6TB43KbpmsxRrvQ==",
        "dependencies": {
          "Microsoft.Extensions.DependencyInjection.Abstractions": "10.0.11"
        }
      },
      "Microsoft.Extensions.ObjectPool": {
        "type": "CentralTransitive",
        "requested": "[10.0.11, )",
        "resolved": "10.0.11",
        "contentHash": "p76ztQFROBOlHgdV1vXfmTjRyu073Av7ZlsiLR93ka6+nzkLCeV2ONXq0DO/BGf71REqGW29Uy/20fzQHAjB7Q=="
      },
      "Microsoft.Extensions.Options.ConfigurationExtensions": {
        "type": "CentralTransitive",
        "requested": "[10.0.11, )",
        "resolved": "10.0.11",
        "contentHash": "syEhXQ/sEaSBFaqzlp9gDGHX/nk6gkQkh1sIUpBO1mlBj3Phu1rmb4ML1uCiyPW9N6Kxfxv3y5FGObC+bV01Qw==",
        "dependencies": {
          "Microsoft.Extensions.Configuration.Abstractions": "10.0.11",
          "Microsoft.Extensions.Configuration.Binder": "10.0.11",
          "Microsoft.Extensions.DependencyInjection.Abstractions": "10.0.11",
          "Microsoft.Extensions.Options": "10.0.11",
          "Microsoft.Extensions.Primitives": "10.0.11"
        }
      },
      "Microsoft.NETCore.Platforms": {
        "type": "CentralTransitive",
        "requested": "[7.0.4, )",
        "resolved": "7.0.4",
        "contentHash": "yLEHlNN7O5WiND89r42sepgVwy5W/ZoTiFEdJDV7MHR1lW02LL7Nipz2TD5qM/Kx9W3/k3NP+PAP2qUdOm+leg=="
      },
      "Microsoft.TeamFoundationServer.Client": {
        "type": "CentralTransitive",
        "requested": "[19.225.2, )",
        "resolved": "19.225.2",
        "contentHash": "9pIeFkNcKj1MFyE3RTnz+HD5iPdXSiCo5D9TL+Qxn+FMizpOeU7sI9pzCAyilhiUzpfD4jxp3R22H75feLevug==",
        "dependencies": {
          "Microsoft.AspNet.WebApi.Client": "5.2.7",
          "Microsoft.TeamFoundation.DistributedTask.Common.Contracts": "[19.225.2]",
          "Microsoft.VisualStudio.Services.Client": "[19.225.2]",
          "Newtonsoft.Json": "13.0.2",
          "System.ComponentModel.Annotations": "5.0.0"
        }
      },
      "Newtonsoft.Json": {
        "type": "CentralTransitive",
        "requested": "[13.0.4, )",
        "resolved": "13.0.4",
        "contentHash": "pdgNNMai3zv51W5aq268sujXUyx7SNdE2bj1wZcWjAQrKMFZV260lbqYop1d2GM67JI1huLRwxo9ZqnfF/lC6A=="
      },
      "NodaTime": {
        "type": "CentralTransitive",
        "requested": "[3.3.3, )",
        "resolved": "3.3.3",
        "contentHash": "EwouHZv99j5hraq34yQqvCQGDR59dynxPHlxFm2vY/sw2N2aR8cFel29ZxPqohjBWp9Qsnld7QCY+7uZ2PESGg=="
      },
      "NuGet.ProjectModel": {
        "type": "CentralTransitive",
        "requested": "[7.9.0, )",
        "resolved": "7.9.0",
        "contentHash": "RIDWJdbA/1P+IA+QjjhG7RTAN1eEmJJFKtXMRz5dNoHX7EmIdpUURdiygmgykHHuhXX4aPAMZ49OONT3SITtOQ==",
        "dependencies": {
          "NuGet.DependencyResolver.Core": "7.9.0"
        }
      },
      "Octokit": {
        "type": "CentralTransitive",
        "requested": "[14.0.0, )",
        "resolved": "14.0.0",
        "contentHash": "jGOuTH1l+TCpJH+fwYOp7USzHDuGfN1jKbLz3J2COwyn+wL08eynvpnM6rY2qkzIEXum3PN2p2QkP3BW/p9Qcw=="
      },
      "Polly.Core": {
        "type": "CentralTransitive",
        "requested": "[8.7.0, )",
        "resolved": "8.7.0",
        "contentHash": "BS2t+nsBer16PIebCEPNBK5fgMisADQyRCd7K+BgkMWpFmSaiYE+rVVNpFhGRqUkJmNSLmw0uCNzHHWfgml28Q=="
      },
      "Polly.Extensions": {
        "type": "CentralTransitive",
        "requested": "[8.7.0, )",
        "resolved": "8.7.0",
        "contentHash": "qWLAolrrRkkmDRhQTWZRAxUWxoCmOvcTeFAb8DLEr/nroroq7zypWYvefX9W8h+gGIxRphB+DS0bXOohK8/rpA==",
        "dependencies": {
          "Microsoft.Extensions.Logging.Abstractions": "8.0.0",
          "Microsoft.Extensions.Options": "8.0.0",
          "Polly.Core": "8.7.0"
        }
      },
      "System.Data.SqlClient": {
        "type": "CentralTransitive",
        "requested": "[4.9.1, )",
        "resolved": "4.9.1",
        "contentHash": "A7RK9I4UaVHJ407GTfy37S4ABHt1+lZ+/uoA54zTv0XaaWgHO5BtXSMzMVqB6socIHEeeK5K1YRgaxCEfD79wQ==",
        "dependencies": {
          "runtime.native.System.Data.SqlClient.sni": "4.4.0"
        }
      },
      "System.Diagnostics.EventLog": {
        "type": "CentralTransitive",
        "requested": "[10.0.11, )",
        "resolved": "10.0.11",
        "contentHash": "QTXEoQBzz00SFWbo7nAg1Ogd4f99lwqcO9uAJ7MYSLEUR28f6As32QktrqG2Fr9cfAfd1GjLyGYspE7Ipj7P6w=="
      },
      "System.Security.Cryptography.Pkcs": {
        "type": "CentralTransitive",
        "requested": "[9.0.19, )",
        "resolved": "9.0.19",
        "contentHash": "/T5xGxh3IT465U8rLzDvZDolVlLGqUqTunZNHSvkkRBkflblFBzvJO4qTzNwjCApygv81KIec8epg46X0h+yIw=="
      },
      "System.Security.Cryptography.ProtectedData": {
        "type": "CentralTransitive",
        "requested": "[9.0.19, )",
        "resolved": "9.0.19",
        "contentHash": "wE7uoXg9sKO/c//Q76lx6u/jLqWWYy1XF0kJIwXxcDSqx3yIYdr7EBnRVoyWB0dQK8VtgwzfquaMRLZmu7SAaw=="
      },
      "Yaml2JsonNode": {
        "type": "CentralTransitive",
        "requested": "[3.0.1, )",
        "resolved": "3.0.1",
        "contentHash": "0MLAyLnBn6mFa/hUXi6Foz2FgQKH8WfLrzNsfUh8IB1COiP5VLu4rYJn8u3pB0zc7F3D7bk3spM+fglcp5WQAw==",
        "dependencies": {
          "YamlDotNet": "16.3.0"
        }
      },
      "YamlDotNet": {
        "type": "CentralTransitive",
        "requested": "[18.1.0, )",
        "resolved": "18.1.0",
        "contentHash": "5K+9KFg2TdTl7VXv88Qzi/0lqK6JFoNP3lRuImPYGRV7K/QYklDyTrj4+A+KAki1JsQi6qKY+hDyY7d6WRqjrw=="
      }
    },
    "net10.0/linux-x64": {
      "Microsoft.DotNet.ILCompiler": {
        "type": "Direct",
        "requested": "[10.0.11, )",
        "resolved": "10.0.11",
        "contentHash": "yloFUsIQOzspIsn2cDHrbgikKaWHAZspzj0EWxnWJJpFC89IBW64OXgCECsrrnzGWQvy1iLX9r5/R4zBf7Am3g==",
        "dependencies": {
          "runtime.linux-x64.Microsoft.DotNet.ILCompiler": "10.0.11"
        }
      },
      "LibGit2Sharp.NativeBinaries": {
        "type": "Transitive",
        "resolved": "2.0.324",
        "contentHash": "5YZVGNuO9nYFQfzRQGPGY9fdpSsABwlF2jSaZ7ydxCfjvt5Krbj/eHbXkvvgAQzp4lkjvgDrlAuuI4KTmqhDlA=="
      },
      "Microsoft.Win32.SystemEvents": {
        "type": "Transitive",
        "resolved": "6.0.0",
        "contentHash": "hqTM5628jSsQiv+HGpiq3WKBl2c8v1KZfby2J6Pr7pEPlK9waPdgEO6b8A/+/xn/yZ9ulv8HuqK71ONy2tg67A=="
      },
      "runtime.linux-x64.Microsoft.DotNet.ILCompiler": {
        "type": "Transitive",
        "resolved": "10.0.11",
        "contentHash": "0lJviBev2CvBdrLhMCJ1hmwOKgjbk1ccRy+brEewywtK4TMft1WaVXv112j6OuTQg8ZMbnN/i3KRD3S6o4NJDw=="
      },
      "runtime.win-arm64.runtime.native.System.Data.SqlClient.sni": {
        "type": "Transitive",
        "resolved": "4.4.0",
        "contentHash": "LbrynESTp3bm5O/+jGL8v0Qg5SJlTV08lpIpFesXjF6uGNMWqFnUQbYBJwZTeua6E/Y7FIM1C54Ey1btLWupdg=="
      },
      "runtime.win-x64.runtime.native.System.Data.SqlClient.sni": {
        "type": "Transitive",
        "resolved": "4.4.0",
        "contentHash": "38ugOfkYJqJoX9g6EYRlZB5U2ZJH51UP8ptxZgdpS07FgOEToV+lS11ouNK2PM12Pr6X/PpT5jK82G3DwH/SxQ=="
      },
      "runtime.win-x86.runtime.native.System.Data.SqlClient.sni": {
        "type": "Transitive",
        "resolved": "4.4.0",
        "contentHash": "YhEdSQUsTx+C8m8Bw7ar5/VesXvCFMItyZF7G1AUY+OM0VPZUOeAVpJ4Wl6fydBGUYZxojTDR3I6Bj/+BPkJNA=="
      },
      "System.Drawing.Common": {
        "type": "Transitive",
        "resolved": "6.0.0",
        "contentHash": "NfuoKUiP2nUWwKZN6twGqXioIe1zVD0RIj2t976A+czLHr2nY454RwwXs6JU9Htc6mwqL6Dn/nEL3dpVf2jOhg==",
        "dependencies": {
          "Microsoft.Win32.SystemEvents": "6.0.0"
        }
      },
      "System.Windows.Extensions": {
        "type": "Transitive",
        "resolved": "6.0.0",
        "contentHash": "IXoJOXIqc39AIe+CIR7koBtRGMiCt/LPM3lI+PELtDIy9XdyeSrwXFdWV9dzJ2Awl0paLWUaknLxFQ5HpHZUog==",
        "dependencies": {
          "System.Drawing.Common": "6.0.0"
        }
      },
      "System.Data.SqlClient": {
        "type": "CentralTransitive",
        "requested": "[4.9.1, )",
        "resolved": "4.9.1",
        "contentHash": "A7RK9I4UaVHJ407GTfy37S4ABHt1+lZ+/uoA54zTv0XaaWgHO5BtXSMzMVqB6socIHEeeK5K1YRgaxCEfD79wQ==",
        "dependencies": {
          "runtime.native.System.Data.SqlClient.sni": "4.4.0"
        }
      },
      "System.Diagnostics.EventLog": {
        "type": "CentralTransitive",
        "requested": "[10.0.11, )",
        "resolved": "10.0.11",
        "contentHash": "QTXEoQBzz00SFWbo7nAg1Ogd4f99lwqcO9uAJ7MYSLEUR28f6As32QktrqG2Fr9cfAfd1GjLyGYspE7Ipj7P6w=="
      },
      "System.Security.Cryptography.Pkcs": {
        "type": "CentralTransitive",
        "requested": "[9.0.19, )",
        "resolved": "9.0.19",
        "contentHash": "/T5xGxh3IT465U8rLzDvZDolVlLGqUqTunZNHSvkkRBkflblFBzvJO4qTzNwjCApygv81KIec8epg46X0h+yIw=="
      }
    },
    "net10.0/win-x64": {
      "Microsoft.DotNet.ILCompiler": {
        "type": "Direct",
        "requested": "[10.0.11, )",
        "resolved": "10.0.11",
        "contentHash": "yloFUsIQOzspIsn2cDHrbgikKaWHAZspzj0EWxnWJJpFC89IBW64OXgCECsrrnzGWQvy1iLX9r5/R4zBf7Am3g==",
        "dependencies": {
          "runtime.win-x64.Microsoft.DotNet.ILCompiler": "10.0.11"
        }
      },
      "LibGit2Sharp.NativeBinaries": {
        "type": "Transitive",
        "resolved": "2.0.324",
        "contentHash": "5YZVGNuO9nYFQfzRQGPGY9fdpSsABwlF2jSaZ7ydxCfjvt5Krbj/eHbXkvvgAQzp4lkjvgDrlAuuI4KTmqhDlA=="
      },
      "Microsoft.Win32.SystemEvents": {
        "type": "Transitive",
        "resolved": "6.0.0",
        "contentHash": "hqTM5628jSsQiv+HGpiq3WKBl2c8v1KZfby2J6Pr7pEPlK9waPdgEO6b8A/+/xn/yZ9ulv8HuqK71ONy2tg67A=="
      },
      "runtime.win-arm64.runtime.native.System.Data.SqlClient.sni": {
        "type": "Transitive",
        "resolved": "4.4.0",
        "contentHash": "LbrynESTp3bm5O/+jGL8v0Qg5SJlTV08lpIpFesXjF6uGNMWqFnUQbYBJwZTeua6E/Y7FIM1C54Ey1btLWupdg=="
      },
      "runtime.win-x64.Microsoft.DotNet.ILCompiler": {
        "type": "Transitive",
        "resolved": "10.0.11",
        "contentHash": "D6ZKMo3NeTnos7l5S8bMmiPm4LK+y15Q/uduyPw7FX+xKbeWVWdwlcZGkLLPjLvW4ZO6o3ACanq5HsSXJgrt0g=="
      },
      "runtime.win-x64.runtime.native.System.Data.SqlClient.sni": {
        "type": "Transitive",
        "resolved": "4.4.0",
        "contentHash": "38ugOfkYJqJoX9g6EYRlZB5U2ZJH51UP8ptxZgdpS07FgOEToV+lS11ouNK2PM12Pr6X/PpT5jK82G3DwH/SxQ=="
      },
      "runtime.win-x86.runtime.native.System.Data.SqlClient.sni": {
        "type": "Transitive",
        "resolved": "4.4.0",
        "contentHash": "YhEdSQUsTx+C8m8Bw7ar5/VesXvCFMItyZF7G1AUY+OM0VPZUOeAVpJ4Wl6fydBGUYZxojTDR3I6Bj/+BPkJNA=="
      },
      "System.Drawing.Common": {
        "type": "Transitive",
        "resolved": "6.0.0",
        "contentHash": "NfuoKUiP2nUWwKZN6twGqXioIe1zVD0RIj2t976A+czLHr2nY454RwwXs6JU9Htc6mwqL6Dn/nEL3dpVf2jOhg==",
        "dependencies": {
          "Microsoft.Win32.SystemEvents": "6.0.0"
        }
      },
      "System.Windows.Extensions": {
        "type": "Transitive",
        "resolved": "6.0.0",
        "contentHash": "IXoJOXIqc39AIe+CIR7koBtRGMiCt/LPM3lI+PELtDIy9XdyeSrwXFdWV9dzJ2Awl0paLWUaknLxFQ5HpHZUog==",
        "dependencies": {
          "System.Drawing.Common": "6.0.0"
        }
      },
      "System.Data.SqlClient": {
        "type": "CentralTransitive",
        "requested": "[4.9.1, )",
        "resolved": "4.9.1",
        "contentHash": "A7RK9I4UaVHJ407GTfy37S4ABHt1+lZ+/uoA54zTv0XaaWgHO5BtXSMzMVqB6socIHEeeK5K1YRgaxCEfD79wQ==",
        "dependencies": {
          "runtime.native.System.Data.SqlClient.sni": "4.4.0"
        }
      },
      "System.Diagnostics.EventLog": {
        "type": "CentralTransitive",
        "requested": "[10.0.11, )",
        "resolved": "10.0.11",
        "contentHash": "QTXEoQBzz00SFWbo7nAg1Ogd4f99lwqcO9uAJ7MYSLEUR28f6As32QktrqG2Fr9cfAfd1GjLyGYspE7Ipj7P6w=="
      },
      "System.Security.Cryptography.Pkcs": {
        "type": "CentralTransitive",
        "requested": "[9.0.19, )",
        "resolved": "9.0.19",
        "contentHash": "/T5xGxh3IT465U8rLzDvZDolVlLGqUqTunZNHSvkkRBkflblFBzvJO4qTzNwjCApygv81KIec8epg46X0h+yIw=="
      }
    }
  }
}