{
  "version": 2,
  "dependencies": {
    "net9.0": {
      "LibGit2Sharp": {
        "type": "Direct",
        "requested": "[0.31.0, )",
        "resolved": "0.31.0",
        "contentHash": "b3+UfV7LjKMjAHWwl7VawejiOv2gJIC6dTCA/S0puLTHACAA/Oeb5JJmWUQMeyH/T/WR/LaIK8bk2RbdFnrZvg==",
        "dependencies": {
          "LibGit2Sharp.NativeBinaries": "[2.0.323]"
        }
      },
      "Meziantou.Analyzer": {
        "type": "Direct",
        "requested": "[2.0.201, )",
        "resolved": "2.0.201",
        "contentHash": "ehMMCZcz1jFsMlxf62K4LBp9t+dF1spSwr4vjWRAiMvc8lVKw27dNpKH7bnrropwdWTSWDim9arCvyNyfPTEnA=="
      },
      "Microsoft.Extensions.Logging.Abstractions": {
        "type": "Direct",
        "requested": "[9.0.5, )",
        "resolved": "9.0.5",
        "contentHash": "pP1PADCrIxMYJXxFmTVbAgEU7GVpjK5i0/tyfU9DiE0oXQy3JWQaOVgCkrCiePLgS8b5sghM3Fau3EeHiVWbCg==",
        "dependencies": {
          "Microsoft.Extensions.DependencyInjection.Abstractions": "9.0.5"
        }
      },
      "Microsoft.NET.ILLink.Tasks": {
        "type": "Direct",
        "requested": "[9.0.5, )",
        "resolved": "9.0.5",
        "contentHash": "4L7wbb3Y4BJgIeSnmAf/C6S/qCs9rT1b0dX72uj3qo0qvUH7D0U1tU5ZlC7A3Wb8E/dXK4caOi4JkdLTVJaXhw=="
      },
      "LibGit2Sharp.NativeBinaries": {
        "type": "Transitive",
        "resolved": "2.0.323",
        "contentHash": "Kg+fJGWhGj5qRXG0Ilj4ddhuodGXZg57yhfX6OVUDR0M2DKg/UR42/d74+qv5l1qotc1qJilo/ho7xQnULP6yA=="
      },
      "aviationexam.dependencyupdater.constants": {
        "type": "Project"
      },
      "aviationexam.dependencyupdater.interfaces": {
        "type": "Project"
      },
      "Microsoft.Extensions.DependencyInjection.Abstractions": {
        "type": "CentralTransitive",
        "requested": "[9.0.5, )",
        "resolved": "9.0.5",
        "contentHash": "cjnRtsEAzU73aN6W7vkWy8Phj5t3Xm78HSqgrbh/O4Q9SK/yN73wZVa21QQY6amSLQRQ/M8N+koGnY6PuvKQsw=="
      }
    },
    "net9.0/linux-x64": {
      "LibGit2Sharp.NativeBinaries": {
        "type": "Transitive",
        "resolved": "2.0.323",
        "contentHash": "Kg+fJGWhGj5qRXG0Ilj4ddhuodGXZg57yhfX6OVUDR0M2DKg/UR42/d74+qv5l1qotc1qJilo/ho7xQnULP6yA=="
      }
    },
    "net9.0/win-x64": {
      "LibGit2Sharp.NativeBinaries": {
        "type": "Transitive",
        "resolved": "2.0.323",
        "contentHash": "Kg+fJGWhGj5qRXG0Ilj4ddhuodGXZg57yhfX6OVUDR0M2DKg/UR42/d74+qv5l1qotc1qJilo/ho7xQnULP6yA=="
      }
    }
  }
}