{
  "version": 2,
  "dependencies": {
    "net9.0": {
      "Meziantou.Analyzer": {
        "type": "Direct",
        "requested": "[2.0.201, )",
        "resolved": "2.0.201",
        "contentHash": "ehMMCZcz1jFsMlxf62K4LBp9t+dF1spSwr4vjWRAiMvc8lVKw27dNpKH7bnrropwdWTSWDim9arCvyNyfPTEnA=="
      },
      "Microsoft.NET.ILLink.Tasks": {
        "type": "Direct",
        "requested": "[9.0.7, )",
        "resolved": "9.0.7",
        "contentHash": "SZ1brSGoLnhLbE8QUZrtN6YwzN2gDT1wbx9qDBEfFFJcstiDTjJ6ygNuTPBV/K7SjGfx2YNbcJi5+ygbPOZpDg=="
      },
      "Microsoft.NET.Test.Sdk": {
        "type": "Direct",
        "requested": "[17.14.1, )",
        "resolved": "17.14.1",
        "contentHash": "HJKqKOE+vshXra2aEHpi2TlxYX7Z9VFYkr+E5rwEvHC8eIXiyO+K9kNm8vmNom3e2rA56WqxU+/N9NJlLGXsJQ==",
        "dependencies": {
          "Microsoft.CodeCoverage": "17.14.1",
          "Microsoft.TestPlatform.TestHost": "17.14.1"
        }
      },
      "NSubstitute": {
        "type": "Direct",
        "requested": "[5.3.0, )",
        "resolved": "5.3.0",
        "contentHash": "lJ47Cps5Qzr86N99lcwd+OUvQma7+fBgr8+Mn+aOC0WrlqMNkdivaYD9IvnZ5Mqo6Ky3LS7ZI+tUq1/s9ERd0Q==",
        "dependencies": {
          "Castle.Core": "5.1.1"
        }
      },
      "NSubstitute.Analyzers.CSharp": {
        "type": "Direct",
        "requested": "[1.0.17, )",
        "resolved": "1.0.17",
        "contentHash": "Pwz0MD7CAM/G/fvJjM3ceOfI+S0IgjanHcK7evwyrW9qAWUG8fgiEXYfSX1/s3h2JUNDOw6ik0G8zp+RT61Y1g=="
      },
      "xunit.v3": {
        "type": "Direct",
        "requested": "[3.0.0, )",
        "resolved": "3.0.0",
        "contentHash": "IzPThK1+JjkBJzMWrWtMZY7FtYagnpg3cBwR/8XJE5mK6JPwz5nz/auQ9Ln02DZCK3O3E1kHyMC1f490/6g6dQ==",
        "dependencies": {
          "xunit.analyzers": "1.23.0",
          "xunit.v3.assert": "[3.0.0]",
          "xunit.v3.core": "[3.0.0]"
        }
      },
      "CommunityToolkit.HighPerformance": {
        "type": "Transitive",
        "resolved": "8.3.0",
        "contentHash": "2zc0Wfr9OtEbLqm6J1Jycim/nKmYv+v12CytJ3tZGNzw7n3yjh1vNCMX0kIBaFBk3sw8g0pMR86QJGXGlArC+A=="
      },
      "Corvus.HighPerformance": {
        "type": "Transitive",
        "resolved": "1.0.0",
        "contentHash": "ymxAkH0mhLXEggpIfbMDegA/wg4Q6PjOr2uUkHQX2HubqHD3hcOe2nf0yc3Y5GS9WHkSlc4asjTkP0rHsScDgg==",
        "dependencies": {
          "System.Buffers": "4.5.1",
          "System.Memory": "4.5.5"
        }
      },
      "Corvus.Json.JsonReference": {
        "type": "Transitive",
        "resolved": "4.3.15",
        "contentHash": "9UWgbCjcldWw4f4GhsqKYDtCc0iRzN+2pURmcIaU/L59Rx09uo+MHi+1jeSMSA6Gs7cGQARbSnBMr/ULhqiHpg==",
        "dependencies": {
          "Corvus.HighPerformance": "1.0.0",
          "System.Text.Json": "9.0.0"
        }
      },
      "Microsoft.CodeCoverage": {
        "type": "Transitive",
        "resolved": "17.14.1",
        "contentHash": "pmTrhfFIoplzFVbhVwUquT+77CbGH+h4/3mBpdmIlYtBi9nAB+kKI6dN3A/nV4DFi3wLLx/BlHIPK+MkbQ6Tpg=="
      },
      "Microsoft.Extensions.Configuration.Binder": {
        "type": "Transitive",
        "resolved": "9.0.7",
        "contentHash": "ExY+zXHhU4o9KC2alp3ZdLWyVWVRSn5INqax5ABk+HEOHlAHzomhJ7ek9HHliyOMiVGoYWYaMFOGr9q59mSAGA==",
        "dependencies": {
          "Microsoft.Extensions.Configuration.Abstractions": "9.0.7"
        }
      },
      "Microsoft.Extensions.Options": {
        "type": "Transitive",
        "resolved": "9.0.7",
        "contentHash": "trJnF6cRWgR5uMmHpGoHmM1wOVFdIYlELlkO9zX+RfieK0321Y55zrcs4AaEymKup7dxgEN/uJU25CAcMNQRXw==",
        "dependencies": {
          "Microsoft.Extensions.DependencyInjection.Abstractions": "9.0.7",
          "Microsoft.Extensions.Primitives": "9.0.7"
        }
      },
      "Microsoft.Extensions.Primitives": {
        "type": "Transitive",
        "resolved": "9.0.7",
        "contentHash": "ti/zD9BuuO50IqlvhWQs9GHxkCmoph5BHjGiWKdg2t6Or8XoyAfRJiKag+uvd/fpASnNklfsB01WpZ4fhAe0VQ=="
      },
      "Microsoft.Testing.Extensions.TrxReport.Abstractions": {
        "type": "Transitive",
        "resolved": "1.7.3",
        "contentHash": "dDEETHbX5JQBMIFgBPkX/FmCU4DRQSG+k58QUtz7zTdnEZDafPKH6YHSMoHY3blDiZV/vcSol35Ux3WC7wU+9Q==",
        "dependencies": {
          "Microsoft.Testing.Platform": "1.7.3"
        }
      },
      "Microsoft.Testing.Platform": {
        "type": "Transitive",
        "resolved": "1.7.3",
        "contentHash": "cI6u+CPxv3+07cbSwJVKOfxFrecbjfZnid1fe8EMhyPY4qmsSNnm+hN+GIy8u4JIlrADfrskDiwnScjRzVzJNw=="
      },
      "Microsoft.Testing.Platform.MSBuild": {
        "type": "Transitive",
        "resolved": "1.7.3",
        "contentHash": "tSIKXv7tLLYDjfodqLuTigsmOVcYj0CDC1rYeac5MTgHjbYV8IfmYh4FprBt/xE1zW8phkCYP766F9ayo560jA==",
        "dependencies": {
          "Microsoft.Testing.Platform": "1.7.3"
        }
      },
      "Microsoft.TestPlatform.ObjectModel": {
        "type": "Transitive",
        "resolved": "17.14.1",
        "contentHash": "xTP1W6Mi6SWmuxd3a+jj9G9UoC850WGwZUps1Wah9r1ZxgXhdJfj1QqDLJkFjHDCvN42qDL2Ps5KjQYWUU0zcQ==",
        "dependencies": {
          "System.Reflection.Metadata": "8.0.0"
        }
      },
      "Microsoft.TestPlatform.TestHost": {
        "type": "Transitive",
        "resolved": "17.14.1",
        "contentHash": "d78LPzGKkJwsJXAQwsbJJ7LE7D1wB+rAyhHHAaODF+RDSQ0NgMjDFkSA1Djw18VrxO76GlKAjRUhl+H8NL8Z+Q==",
        "dependencies": {
          "Microsoft.TestPlatform.ObjectModel": "17.14.1",
          "Newtonsoft.Json": "13.0.3"
        }
      },
      "xunit.analyzers": {
        "type": "Transitive",
        "resolved": "1.23.0",
        "contentHash": "WCkO1FPTWoESLhghoXA881CulRYpve0UrXLsL5aYcLQd9SlD+oADb16NAP+SE5o3w0FM2MzGTklBwY8yUfj0ng=="
      },
      "xunit.v3.assert": {
        "type": "Transitive",
        "resolved": "3.0.0",
        "contentHash": "tlEmAE8uQ9fOhbNyg7sLJiYhekeD4LFRDJRZrv3mdnvJv7kfb2Z1OmJcsMHF+/N/QE/vTtwqRItiPJZGpOw/EQ=="
      },
      "xunit.v3.common": {
        "type": "Transitive",
        "resolved": "3.0.0",
        "contentHash": "8bPJb2N2kYWSa9c9pkUtQmzWc2+0wKxWo9NIgUev6DX+TkXjdBUh6zY0LPVIdSGxsl3swjn4+gEpj5QjrzZiQw==",
        "dependencies": {
          "Microsoft.Bcl.AsyncInterfaces": "6.0.0"
        }
      },
      "xunit.v3.core": {
        "type": "Transitive",
        "resolved": "3.0.0",
        "contentHash": "c71CPzXXTbnmr3iz2dmo4OniOWNM+30DtWQxpepKVjLIFRYimP+ahn/pjPHSmDqL2xl2tewosLNFodyijcnBLQ==",
        "dependencies": {
          "Microsoft.Testing.Platform.MSBuild": "1.7.3",
          "xunit.v3.extensibility.core": "[3.0.0]",
          "xunit.v3.runner.inproc.console": "[3.0.0]"
        }
      },
      "xunit.v3.extensibility.core": {
        "type": "Transitive",
        "resolved": "3.0.0",
        "contentHash": "bzYmxPXtuLDwueg5gqB4/JlCShqHO/weZVgsOxgvMSw4ulyKFqv78JpUE1+aluJWitrfeaL6P8mfPV6zLQS49w==",
        "dependencies": {
          "xunit.v3.common": "[3.0.0]"
        }
      },
      "xunit.v3.runner.common": {
        "type": "Transitive",
        "resolved": "3.0.0",
        "contentHash": "GIk0y3T/siVtU2rwbPPC/PFANHlAbknwWmxNOPqyz+NviFTKY3sILeHeotQff4MT+Rk0tjPGNAwCtzp9fRPLpQ==",
        "dependencies": {
          "xunit.v3.common": "[3.0.0]"
        }
      },
      "xunit.v3.runner.inproc.console": {
        "type": "Transitive",
        "resolved": "3.0.0",
        "contentHash": "V0ZxjXFRVDoscU4SfVFvHVzqhGbevBitl7Yn3Vn6s+NqFmwP4tY6/o3ZU9skAQ1bgtfNUEYfrwYTzzoeQFbNQw==",
        "dependencies": {
          "Microsoft.Testing.Extensions.TrxReport.Abstractions": "1.7.3",
          "Microsoft.Testing.Platform": "1.7.3",
          "xunit.v3.extensibility.core": "[3.0.0]",
          "xunit.v3.runner.common": "[3.0.0]"
        }
      },
      "aviationexam.dependencyupdater.common": {
        "type": "Project",
        "dependencies": {
          "Aviationexam.DependencyUpdater.Constants": "[1.0.0, )",
          "Aviationexam.DependencyUpdater.Interfaces": "[1.0.0, )",
          "Microsoft.Extensions.Configuration.Abstractions": "[9.0.7, )",
          "Microsoft.Extensions.DependencyInjection.Abstractions": "[9.0.7, )",
          "Microsoft.Extensions.Logging.Abstractions": "[9.0.7, )",
          "Microsoft.Extensions.Options.ConfigurationExtensions": "[9.0.7, )"
        }
      },
      "aviationexam.dependencyupdater.configurationparser": {
        "type": "Project",
        "dependencies": {
          "Aviationexam.DependencyUpdater.Interfaces": "[1.0.0, )",
          "Corvus.Json.ExtendedTypes": "[4.3.15, )",
          "Corvus.Json.SourceGenerator": "[4.3.15, )",
          "Microsoft.Extensions.Logging.Abstractions": "[9.0.7, )",
          "Yaml2JsonNode": "[2.2.0, )",
          "YamlDotNet": "[16.3.0, )"
        }
      },
      "aviationexam.dependencyupdater.constants": {
        "type": "Project"
      },
      "aviationexam.dependencyupdater.interfaces": {
        "type": "Project"
      },
      "aviationexam.dependencyupdater.testsinfrastructure": {
        "type": "Project"
      },
      "Castle.Core": {
        "type": "CentralTransitive",
        "requested": "[5.2.1, )",
        "resolved": "5.2.1",
        "contentHash": "wHARzQA695jwwKreOzNsq54KiGqKP38tv8hi8e2FXDEC/sA6BtrX90tVPDkOfVu13PbEzr00TCV8coikl+D1Iw==",
        "dependencies": {
          "System.Diagnostics.EventLog": "6.0.0"
        }
      },
      "Corvus.Json.ExtendedTypes": {
        "type": "CentralTransitive",
        "requested": "[4.3.15, )",
        "resolved": "4.3.15",
        "contentHash": "aAjQb6wMQD2tXXFCfzgcUR8kxtTNf32U0mbaVlAmo1u6YcCBjKhujlhJxWtDmjySLBFhH20YoY5RwAsIqaPIZg==",
        "dependencies": {
          "Corvus.Json.JsonReference": "4.3.15",
          "Corvus.UriTemplates": "2.2.0",
          "NodaTime": "3.2.1",
          "System.Collections.Immutable": "9.0.0",
          "System.Text.Json": "9.0.0"
        }
      },
      "Corvus.Json.SourceGenerator": {
        "type": "CentralTransitive",
        "requested": "[4.3.15, )",
        "resolved": "4.3.15",
        "contentHash": "Z/XeZlOSnIrPE+NFcip5BWR1wm6TRGAo7JQTYohKnuyMkwMoFA2dj3Ys4eRvMVlz2dZVyISpuYWAdc2rS4cbaA==",
        "dependencies": {
          "Microsoft.CodeAnalysis.CSharp": "4.11.0"
        }
      },
      "Corvus.UriTemplates": {
        "type": "CentralTransitive",
        "requested": "[2.3.2, )",
        "resolved": "2.3.2",
        "contentHash": "XAhHr0F6IOhunpIHFzG0HQSj+/X8L1lSJAExYQl9OEIZGAUZ81pbqWtxuIHL080y1u2dEmw796D7XmM44Je2gw==",
        "dependencies": {
          "CommunityToolkit.HighPerformance": "8.3.0",
          "Corvus.HighPerformance": "1.0.0",
          "Microsoft.Extensions.ObjectPool": "8.0.8",
          "System.Buffers": "4.5.1",
          "System.Collections.Immutable": "8.0.0"
        }
      },
      "Microsoft.Bcl.AsyncInterfaces": {
        "type": "CentralTransitive",
        "requested": "[9.0.5, )",
        "resolved": "9.0.5",
        "contentHash": "eNQDjbtFj8kOLxbckCbn2JXTsnzK8+xkA4jg7NULO9jhIvlOSngC9BFzmiqVPpw1INQaP1pQ3YteY2XhfWNjtQ=="
      },
      "Microsoft.CodeAnalysis.Analyzers": {
        "type": "CentralTransitive",
        "requested": "[3.11.0, )",
        "resolved": "3.11.0",
        "contentHash": "v/EW3UE8/lbEYHoC2Qq7AR/DnmvpgdtAMndfQNmpuIMx/Mto8L5JnuCfdBYtgvalQOtfNCnxFejxuRrryvUTsg=="
      },
      "Microsoft.CodeAnalysis.Common": {
        "type": "CentralTransitive",
        "requested": "[4.13.0, )",
        "resolved": "4.13.0",
        "contentHash": "T8nRl4mAUY4mhdYM4U2ra2vP2EL+ol8Yqwo0gwC/V55vmlXq9NxdIkZJynTpTL1uX/jHijJ90AeOEx4lf7OwzQ==",
        "dependencies": {
          "Microsoft.CodeAnalysis.Analyzers": "3.11.0",
          "System.Collections.Immutable": "8.0.0",
          "System.Reflection.Metadata": "8.0.0"
        }
      },
      "Microsoft.CodeAnalysis.CSharp": {
        "type": "CentralTransitive",
        "requested": "[4.13.0, )",
        "resolved": "4.13.0",
        "contentHash": "BsH7Vijbj9IL7Fj4k/ysZSVyLGFqr75wmdFGwCKWJvSjnA1xwPaQ3hkB2BQdHOt5CpEYA6Q0I6Oo5sDTDHqHsg==",
        "dependencies": {
          "Microsoft.CodeAnalysis.Analyzers": "3.11.0",
          "Microsoft.CodeAnalysis.Common": "[4.13.0]",
          "System.Collections.Immutable": "8.0.0",
          "System.Reflection.Metadata": "8.0.0"
        }
      },
      "Microsoft.Extensions.Configuration.Abstractions": {
        "type": "CentralTransitive",
        "requested": "[9.0.7, )",
        "resolved": "9.0.7",
        "contentHash": "lut/kiVvNsQ120VERMUYSFhpXPpKjjql+giy03LesASPBBcC0o6+aoFdzJH9GaYpFTQ3fGVhVjKjvJDoAW5/IQ==",
        "dependencies": {
          "Microsoft.Extensions.Primitives": "9.0.7"
        }
      },
      "Microsoft.Extensions.DependencyInjection.Abstractions": {
        "type": "CentralTransitive",
        "requested": "[9.0.7, )",
        "resolved": "9.0.7",
        "contentHash": "iPK1FxbGFr2Xb+4Y+dTYI8Gupu9pOi8I3JPuPsrogUmEhe2hzZ9LpCmolMEBhVDo2ikcSr7G5zYiwaapHSQTew=="
      },
      "Microsoft.Extensions.Logging.Abstractions": {
        "type": "CentralTransitive",
        "requested": "[9.0.7, )",
        "resolved": "9.0.7",
        "contentHash": "sMM6NEAdUTE/elJ2wqjOi0iBWqZmSyaTByLF9e8XHv6DRJFFnOe0N+s8Uc6C91E4SboQCfLswaBIZ+9ZXA98AA==",
        "dependencies": {
          "Microsoft.Extensions.DependencyInjection.Abstractions": "9.0.7"
        }
      },
      "Microsoft.Extensions.ObjectPool": {
        "type": "CentralTransitive",
        "requested": "[9.0.5, )",
        "resolved": "9.0.5",
        "contentHash": "C0VDKwSwNfc3YCLuno6Dip0un9LFmvuSvhpCC4ckpz6nrOmiM5JSJspQiY1dGCDRXJKFeZxa2hDpCLRL8WiBhw=="
      },
      "Microsoft.Extensions.Options.ConfigurationExtensions": {
        "type": "CentralTransitive",
        "requested": "[9.0.7, )",
        "resolved": "9.0.7",
        "contentHash": "pE/jeAWHEIy/8HsqYA+I1+toTsdvsv+WywAcRoNSvPoFwjOREa8Fqn7D0/i0PbiXsDLFupltTTctliePx8ib4w==",
        "dependencies": {
          "Microsoft.Extensions.Configuration.Abstractions": "9.0.7",
          "Microsoft.Extensions.Configuration.Binder": "9.0.7",
          "Microsoft.Extensions.DependencyInjection.Abstractions": "9.0.7",
          "Microsoft.Extensions.Options": "9.0.7",
          "Microsoft.Extensions.Primitives": "9.0.7"
        }
      },
      "Newtonsoft.Json": {
        "type": "CentralTransitive",
        "requested": "[13.0.3, )",
        "resolved": "13.0.3",
        "contentHash": "HrC5BXdl00IP9zeV+0Z848QWPAoCr9P3bDEZguI+gkLcBKAOxix/tLEAAHC+UvDNPv4a2d18lOReHMOagPa+zQ=="
      },
      "NodaTime": {
        "type": "CentralTransitive",
        "requested": "[3.2.2, )",
        "resolved": "3.2.2",
        "contentHash": "dmju5W0UYC3QP/UJM0juKAZkH0HSDMp0gH91A0+mT9M0kgyM2Jm67hUZPl/WRQLq8Lijjqmdk8kyAViWFWM7dA=="
      },
      "System.Buffers": {
        "type": "CentralTransitive",
        "requested": "[4.6.1, )",
        "resolved": "4.6.1",
        "contentHash": "N8GXpmiLMtljq7gwvyS+1QvKT/W2J8sNAvx+HVg4NGmsG/H+2k/y9QI23auLJRterrzCiDH+IWAw4V/GPwsMlw=="
      },
      "System.Collections.Immutable": {
        "type": "CentralTransitive",
        "requested": "[9.0.5, )",
        "resolved": "9.0.5",
        "contentHash": "lVPwqkFWucEB13zcXpvMCmG+xp0HTSxVyAiG7c0AC8qsQ1ZaC5O8evb9QGR6PKmJZch3VuFKnzkl+SA78dvjeA=="
      },
      "System.Diagnostics.EventLog": {
        "type": "CentralTransitive",
        "requested": "[9.0.7, )",
        "resolved": "9.0.7",
        "contentHash": "AJ+9fyCtQUImntxAJ9l4PZiCd4iepuk4pm7Qcno7PBIWQnfXlvwKuFsGk2H+QyY69GUVzDP2heELW6ho5BCXUg=="
      },
      "System.Memory": {
        "type": "CentralTransitive",
        "requested": "[4.6.3, )",
        "resolved": "4.6.3",
        "contentHash": "qdcDOgnFZY40+Q9876JUHnlHu7bosOHX8XISRoH94fwk6hgaeQGSgfZd8srWRZNt5bV9ZW2TljcegDNxsf+96A=="
      },
      "System.Reflection.Metadata": {
        "type": "CentralTransitive",
        "requested": "[9.0.5, )",
        "resolved": "9.0.5",
        "contentHash": "ulMSHTq7/6g8ZWFFPSQreZqe7FIrPXOyq7rXUsmfQX3d/sK2wqEBxxFeWeuQBxrVXEj+w+UremzgcjWdJaIh1A=="
      },
      "System.Text.Json": {
        "type": "CentralTransitive",
        "requested": "[9.0.5, )",
        "resolved": "9.0.5",
        "contentHash": "rnP61ZfloTgPQPe7ecr36loNiGX3g1PocxlKHdY/FUpDSsExKkTxpMAlB4X35wNEPr1X7mkYZuQvW3Lhxmu7KA=="
      },
      "Yaml2JsonNode": {
        "type": "CentralTransitive",
        "requested": "[2.2.0, )",
        "resolved": "2.2.0",
        "contentHash": "+UgsHozdFoFSUlQsff+HmIDl35bnDk28ntcb/XD6uaZ9AMwUxWhjA5Wg8JMmOyKbSoGDJfabini61yKheFpOBg==",
        "dependencies": {
          "YamlDotNet": "16.2.0"
        }
      },
      "YamlDotNet": {
        "type": "CentralTransitive",
        "requested": "[16.3.0, )",
        "resolved": "16.3.0",
        "contentHash": "SgMOdxbz8X65z8hraIs6hOEdnkH6hESTAIUa7viEngHOYaH+6q5XJmwr1+yb9vJpNQ19hCQY69xbFsLtXpobQA=="
      }
    },
    "net9.0/linux-x64": {
      "System.Diagnostics.EventLog": {
        "type": "CentralTransitive",
        "requested": "[9.0.7, )",
        "resolved": "9.0.7",
        "contentHash": "AJ+9fyCtQUImntxAJ9l4PZiCd4iepuk4pm7Qcno7PBIWQnfXlvwKuFsGk2H+QyY69GUVzDP2heELW6ho5BCXUg=="
      }
    },
    "net9.0/win-x64": {
      "System.Diagnostics.EventLog": {
        "type": "CentralTransitive",
        "requested": "[9.0.7, )",
        "resolved": "9.0.7",
        "contentHash": "AJ+9fyCtQUImntxAJ9l4PZiCd4iepuk4pm7Qcno7PBIWQnfXlvwKuFsGk2H+QyY69GUVzDP2heELW6ho5BCXUg=="
      }
    }
  }
}