{
  "version": 2,
  "dependencies": {
    "net10.0": {
      "Meziantou.Analyzer": {
        "type": "Direct",
        "requested": "[3.0.20, )",
        "resolved": "3.0.20",
        "contentHash": "p+F7Op43mpS70cLc2+k7cOnQh0OlCUC25x+vargWQtg5OGvTTvFrDleSBz526A49W5mUd9FdUlze531wSz0SMQ=="
      },
      "Microsoft.Extensions.Logging.Abstractions": {
        "type": "Direct",
        "requested": "[10.0.4, )",
        "resolved": "10.0.4",
        "contentHash": "PDMMt7fvBatv6hcxxyJtXIzSwn7Dy00W6I2vDAOTYrQqNM2dF5A2L9n0uMzdPz2IPoNZWkAmYjoOCEdDLq0i4w==",
        "dependencies": {
          "Microsoft.Extensions.DependencyInjection.Abstractions": "10.0.4"
        }
      },
      "Microsoft.NET.ILLink.Tasks": {
        "type": "Direct",
        "requested": "[10.0.4, )",
        "resolved": "10.0.4",
        "contentHash": "CCx8ojW3mOL150/LnP0DK7qpMrJEt6xxNCmJFKoX89v1h0FwpsEHqennowGPYDxp6zIkIO4f9PxynjOeLF+1zw=="
      },
      "NuGet.ProjectModel": {
        "type": "Direct",
        "requested": "[7.3.0, )",
        "resolved": "7.3.0",
        "contentHash": "AKFJDi8kBozpA+qWoLuZwZ8yexzuCMqxpoyo5nOzjj1x/wEzDNUKMXVM7HgA59XfMhOqiYT/QgM4kN4Q1s0KVw==",
        "dependencies": {
          "NuGet.DependencyResolver.Core": "7.3.0"
        }
      },
      "Microsoft.Extensions.Configuration": {
        "type": "Transitive",
        "resolved": "10.0.4",
        "contentHash": "601B3ha6XvOsOcu9GVd2dVd1KEDuqr49r46GUWhNJkeZDhZ/NI9EYTyoeQjZQEi8ZUvnrv++FbTfGmC8F0vgtg==",
        "dependencies": {
          "Microsoft.Extensions.Configuration.Abstractions": "10.0.4",
          "Microsoft.Extensions.Primitives": "10.0.4"
        }
      },
      "Microsoft.Extensions.Configuration.Binder": {
        "type": "Transitive",
        "resolved": "10.0.4",
        "contentHash": "ilnL/kQn62Gx3OZCVT7SJrBNi0CRIhS8VEunmE6i/a9lp9l/eos+hpxMvCW4iX2aVc/NWeDhxuQusZL7zvmKIg==",
        "dependencies": {
          "Microsoft.Extensions.Configuration": "10.0.4",
          "Microsoft.Extensions.Configuration.Abstractions": "10.0.4"
        }
      },
      "Microsoft.Extensions.Options": {
        "type": "Transitive",
        "resolved": "10.0.4",
        "contentHash": "kRxa2Zjzhg/ohh7EklpqQpBIcyQnC3meWxCcpZBn+0QWy/fY1DmDd45JiW8Vyrpj2J1RDtau5yRHiLZS/AoxUw==",
        "dependencies": {
          "Microsoft.Extensions.DependencyInjection.Abstractions": "10.0.4",
          "Microsoft.Extensions.Primitives": "10.0.4"
        }
      },
      "Microsoft.Extensions.Primitives": {
        "type": "Transitive",
        "resolved": "10.0.4",
        "contentHash": "lABYqiRH9HgYJsjzO3W7+cucUwWXhEkiyrRylANdIubnzcESlkIsLowXpQ4E+sc7kjMLbk1hk5oxw4qTKowTEg=="
      },
      "NuGet.Common": {
        "type": "Transitive",
        "resolved": "7.3.0",
        "contentHash": "y+7cQuzc6zePfo3GdueKgFAfE06pyNv1EGeordAMXotm6WEJw/m7UHv7GSLnib2HEPpzUk4Wvxgn9VgWkIe6Yw==",
        "dependencies": {
          "NuGet.Frameworks": "7.3.0"
        }
      },
      "NuGet.Configuration": {
        "type": "Transitive",
        "resolved": "7.3.0",
        "contentHash": "9qNpnZP73pfGm1MYET78OCW/HNnKNZpTfWPB2z/EyxQnfWtJBANeFyogX8s7S+oWMbR+EG2w6jbDVKdvVJfCXA==",
        "dependencies": {
          "NuGet.Common": "7.3.0",
          "System.Security.Cryptography.ProtectedData": "8.0.0"
        }
      },
      "NuGet.DependencyResolver.Core": {
        "type": "Transitive",
        "resolved": "7.3.0",
        "contentHash": "+qQ4YYfSQwb+kKY5vvBM4ROBJx7+ENrhbxC4aRQ/2ED4d7WTzwapMaSddI4AR0BeHH1vYodd+mxif3CbohhEng==",
        "dependencies": {
          "NuGet.Configuration": "7.3.0",
          "NuGet.LibraryModel": "7.3.0",
          "NuGet.Protocol": "7.3.0"
        }
      },
      "NuGet.Frameworks": {
        "type": "Transitive",
        "resolved": "7.3.0",
        "contentHash": "AnhSFUOrCrWp7pGtqhfOxa5HKm4rfpQxuatGDKzpGtTczasj6OcGVtB74PyqW7osdu9/BtkjnkAYvNk5iT82Gg=="
      },
      "NuGet.LibraryModel": {
        "type": "Transitive",
        "resolved": "7.3.0",
        "contentHash": "oZRiu3xZ9lmkCJFdz9FbfDRhaUUttMmiRHfZA99XHc24n2jthYKiqZjhBcFdr35/bK3Tybnk27PLT1rLxOi4zA==",
        "dependencies": {
          "NuGet.Common": "7.3.0",
          "NuGet.Versioning": "7.3.0"
        }
      },
      "NuGet.Packaging": {
        "type": "Transitive",
        "resolved": "7.3.0",
        "contentHash": "yvmJ8LUPUVMm2DAKSK3+QfJKoCxQR1NuyPYLHqFHb1zmUcGwq+IvSl/4JjUivJDztXnI9GSVlE/SjQLsRJPoYw==",
        "dependencies": {
          "Newtonsoft.Json": "13.0.3",
          "NuGet.Configuration": "7.3.0",
          "NuGet.Versioning": "7.3.0",
          "System.Security.Cryptography.Pkcs": "8.0.1"
        }
      },
      "NuGet.Protocol": {
        "type": "Transitive",
        "resolved": "7.3.0",
        "contentHash": "QWx4Fko06Act+gVhB9UUc8Hzt0fnA8qQhD5SFn/xEis2ZZVzmatHmMdsc0SV7tyvCUlfG8DzQzYLF7fF4LvTyA==",
        "dependencies": {
          "NuGet.Packaging": "7.3.0"
        }
      },
      "NuGet.Versioning": {
        "type": "Transitive",
        "resolved": "7.3.0",
        "contentHash": "iOQPAdnVgj2U+K3AcdGGGcdS1tWyh3nvr64eqTDFCsDuHySBXSHRhl7eR8hdc0BZHxDjacRstbuaJKCurt2oPw=="
      },
      "aviationexam.dependencyupdater.common": {
        "type": "Project",
        "dependencies": {
          "Aviationexam.DependencyUpdater.Constants": "[1.0.0, )",
          "Aviationexam.DependencyUpdater.Interfaces": "[1.0.0, )",
          "Microsoft.Extensions.Configuration.Abstractions": "[10.0.4, )",
          "Microsoft.Extensions.DependencyInjection.Abstractions": "[10.0.4, )",
          "Microsoft.Extensions.Logging.Abstractions": "[10.0.4, )",
          "Microsoft.Extensions.Options.ConfigurationExtensions": "[10.0.4, )",
          "ZLinq": "[1.5.5, )"
        }
      },
      "aviationexam.dependencyupdater.constants": {
        "type": "Project"
      },
      "aviationexam.dependencyupdater.interfaces": {
        "type": "Project"
      },
      "Microsoft.Extensions.Configuration.Abstractions": {
        "type": "CentralTransitive",
        "requested": "[10.0.4, )",
        "resolved": "10.0.4",
        "contentHash": "3x9X9SMAMdAoEwWxHfsT2a9dTBqEtfYfbEOFw+UPtBshEH2gHWJeazxrZ1FK1O18MoCbe1NxINg5qciB01pEcg==",
        "dependencies": {
          "Microsoft.Extensions.Primitives": "10.0.4"
        }
      },
      "Microsoft.Extensions.DependencyInjection.Abstractions": {
        "type": "CentralTransitive",
        "requested": "[10.0.4, )",
        "resolved": "10.0.4",
        "contentHash": "SIe9zlVQJecnk/DTmevIcl6+aEDYhoVLc2eG2AKwVeNEC8CSyxHAbh4lf0xtHq9JUum0vVTEByGNTK+b6oihTQ=="
      },
      "Microsoft.Extensions.Options.ConfigurationExtensions": {
        "type": "CentralTransitive",
        "requested": "[10.0.4, )",
        "resolved": "10.0.4",
        "contentHash": "amQUITwSnkbMPxh/ngneNykz4UtytEOXo0M/pbwdBiQU57EAVvBV5PFI8r/dRastUj0yxHVwrH64N9ACR5SdGQ==",
        "dependencies": {
          "Microsoft.Extensions.Configuration.Abstractions": "10.0.4",
          "Microsoft.Extensions.Configuration.Binder": "10.0.4",
          "Microsoft.Extensions.DependencyInjection.Abstractions": "10.0.4",
          "Microsoft.Extensions.Options": "10.0.4",
          "Microsoft.Extensions.Primitives": "10.0.4"
        }
      },
      "Newtonsoft.Json": {
        "type": "CentralTransitive",
        "requested": "[13.0.4, )",
        "resolved": "13.0.4",
        "contentHash": "pdgNNMai3zv51W5aq268sujXUyx7SNdE2bj1wZcWjAQrKMFZV260lbqYop1d2GM67JI1huLRwxo9ZqnfF/lC6A=="
      },
      "System.Security.Cryptography.Pkcs": {
        "type": "CentralTransitive",
        "requested": "[9.0.14, )",
        "resolved": "9.0.14",
        "contentHash": "GgmV3UyYswpcblO06D780CPdu+fupHd31KA6Jen8vii+hERDlAqJNB5I3UBOM8au0mIB4WT76sokSQ2p6YDVnw=="
      },
      "System.Security.Cryptography.ProtectedData": {
        "type": "CentralTransitive",
        "requested": "[9.0.14, )",
        "resolved": "9.0.14",
        "contentHash": "HEhICxFgkdXfL1nbIouV4rz4Vo9X1wqDwyofTZ7FxoEP0Kz+xJawv6UT1lJgLuYy2ZPhZcr+MhCMGsreSV/6IA=="
      },
      "ZLinq": {
        "type": "CentralTransitive",
        "requested": "[1.5.5, )",
        "resolved": "1.5.5",
        "contentHash": "gWSFd85Ru7p/fWE3qI78QT8unoddFqLy3IJ0fxr+l99GXGUDKNVvV/5ZdrKH4x7v1lfdwp+i8dR2Fzreq71q8A=="
      }
    },
    "net10.0/linux-x64": {
      "System.Security.Cryptography.Pkcs": {
        "type": "CentralTransitive",
        "requested": "[9.0.14, )",
        "resolved": "9.0.14",
        "contentHash": "GgmV3UyYswpcblO06D780CPdu+fupHd31KA6Jen8vii+hERDlAqJNB5I3UBOM8au0mIB4WT76sokSQ2p6YDVnw=="
      }
    },
    "net10.0/win-x64": {
      "System.Security.Cryptography.Pkcs": {
        "type": "CentralTransitive",
        "requested": "[9.0.14, )",
        "resolved": "9.0.14",
        "contentHash": "GgmV3UyYswpcblO06D780CPdu+fupHd31KA6Jen8vii+hERDlAqJNB5I3UBOM8au0mIB4WT76sokSQ2p6YDVnw=="
      }
    }
  }
}