{
  "version": 2,
  "dependencies": {
    "net10.0": {
      "Meziantou.Analyzer": {
        "type": "Direct",
        "requested": "[3.0.7, )",
        "resolved": "3.0.7",
        "contentHash": "VO1lrI9dL4zpYaREidRdysRhExUeFuk3FOcOj+iNl1meaVI5n4uOKQgQkanJp8vVSMtOZRmsxQ78K5fP9oDy5w=="
      },
      "Microsoft.Extensions.Logging.Abstractions": {
        "type": "Direct",
        "requested": "[10.0.3, )",
        "resolved": "10.0.3",
        "contentHash": "lxl0WLk7ROgBFAsjcOYjQ8/DVK+VMszxGBzUhgtQmAsTNldLL5pk9NG/cWTsXHq0lUhUEAtZkEE7jOGOA8bGKQ==",
        "dependencies": {
          "Microsoft.Extensions.DependencyInjection.Abstractions": "10.0.3"
        }
      },
      "Microsoft.NET.ILLink.Tasks": {
        "type": "Direct",
        "requested": "[10.0.3, )",
        "resolved": "10.0.3",
        "contentHash": "0B6nZyCHWXnvmlB559oduOspVdNOnpNXPjhpWVMovLPAsDVG7A4jJR9rzECf67JUzxP8/ee/wA8clwIzJcWNFA=="
      },
      "NuGet.ProjectModel": {
        "type": "Direct",
        "requested": "[7.3.0, )",
        "resolved": "7.3.0",
        "contentHash": "AKFJDi8kBozpA+qWoLuZwZ8yexzuCMqxpoyo5nOzjj1x/wEzDNUKMXVM7HgA59XfMhOqiYT/QgM4kN4Q1s0KVw==",
        "dependencies": {
          "NuGet.DependencyResolver.Core": "7.3.0"
        }
      },
      "Microsoft.Extensions.Configuration": {
        "type": "Transitive",
        "resolved": "10.0.3",
        "contentHash": "H1Cjv2xmm7O3iAGmFTcnSM0ZhLQ/7SqefmAvSJoT1PbXoxeYc2fo0mCLn2JlVbr9E6YpoU9q/o0fI9neDJB0xQ==",
        "dependencies": {
          "Microsoft.Extensions.Configuration.Abstractions": "10.0.3",
          "Microsoft.Extensions.Primitives": "10.0.3"
        }
      },
      "Microsoft.Extensions.Configuration.Binder": {
        "type": "Transitive",
        "resolved": "10.0.3",
        "contentHash": "759UhpKaR5Jsll9kXpkft4z/7tpeF7Dw2rTY/9f9JchaSQTpRFNIPkZFZvoo7fFpbjUaqtDlO5aiGpmQrp/EUA==",
        "dependencies": {
          "Microsoft.Extensions.Configuration": "10.0.3",
          "Microsoft.Extensions.Configuration.Abstractions": "10.0.3"
        }
      },
      "Microsoft.Extensions.Options": {
        "type": "Transitive",
        "resolved": "10.0.3",
        "contentHash": "hU6WzGTPvPoLA2ng1ILvWQb3g0qORdlHNsxI8IcPLumJb3suimYUl+bbDzdo1V4KFsvVhnMWzysHpKbZaoDQPQ==",
        "dependencies": {
          "Microsoft.Extensions.DependencyInjection.Abstractions": "10.0.3",
          "Microsoft.Extensions.Primitives": "10.0.3"
        }
      },
      "Microsoft.Extensions.Primitives": {
        "type": "Transitive",
        "resolved": "10.0.3",
        "contentHash": "GEcpTwo7sUoLGGNTqV1FZEuL+tTD9m81NX/mh099dqGNna07/UGZShKQNZRw4hv6nlliSUwYQgSYc7OR99Jufg=="
      },
      "NuGet.Common": {
        "type": "Transitive",
        "resolved": "7.3.0",
        "contentHash": "y+7cQuzc6zePfo3GdueKgFAfE06pyNv1EGeordAMXotm6WEJw/m7UHv7GSLnib2HEPpzUk4Wvxgn9VgWkIe6Yw==",
        "dependencies": {
          "NuGet.Frameworks": "7.3.0"
        }
      },
      "NuGet.Configuration": {
        "type": "Transitive",
        "resolved": "7.3.0",
        "contentHash": "9qNpnZP73pfGm1MYET78OCW/HNnKNZpTfWPB2z/EyxQnfWtJBANeFyogX8s7S+oWMbR+EG2w6jbDVKdvVJfCXA==",
        "dependencies": {
          "NuGet.Common": "7.3.0",
          "System.Security.Cryptography.ProtectedData": "8.0.0"
        }
      },
      "NuGet.DependencyResolver.Core": {
        "type": "Transitive",
        "resolved": "7.3.0",
        "contentHash": "+qQ4YYfSQwb+kKY5vvBM4ROBJx7+ENrhbxC4aRQ/2ED4d7WTzwapMaSddI4AR0BeHH1vYodd+mxif3CbohhEng==",
        "dependencies": {
          "NuGet.Configuration": "7.3.0",
          "NuGet.LibraryModel": "7.3.0",
          "NuGet.Protocol": "7.3.0"
        }
      },
      "NuGet.Frameworks": {
        "type": "Transitive",
        "resolved": "7.3.0",
        "contentHash": "AnhSFUOrCrWp7pGtqhfOxa5HKm4rfpQxuatGDKzpGtTczasj6OcGVtB74PyqW7osdu9/BtkjnkAYvNk5iT82Gg=="
      },
      "NuGet.LibraryModel": {
        "type": "Transitive",
        "resolved": "7.3.0",
        "contentHash": "oZRiu3xZ9lmkCJFdz9FbfDRhaUUttMmiRHfZA99XHc24n2jthYKiqZjhBcFdr35/bK3Tybnk27PLT1rLxOi4zA==",
        "dependencies": {
          "NuGet.Common": "7.3.0",
          "NuGet.Versioning": "7.3.0"
        }
      },
      "NuGet.Packaging": {
        "type": "Transitive",
        "resolved": "7.3.0",
        "contentHash": "yvmJ8LUPUVMm2DAKSK3+QfJKoCxQR1NuyPYLHqFHb1zmUcGwq+IvSl/4JjUivJDztXnI9GSVlE/SjQLsRJPoYw==",
        "dependencies": {
          "Newtonsoft.Json": "13.0.3",
          "NuGet.Configuration": "7.3.0",
          "NuGet.Versioning": "7.3.0",
          "System.Security.Cryptography.Pkcs": "8.0.1"
        }
      },
      "NuGet.Protocol": {
        "type": "Transitive",
        "resolved": "7.3.0",
        "contentHash": "QWx4Fko06Act+gVhB9UUc8Hzt0fnA8qQhD5SFn/xEis2ZZVzmatHmMdsc0SV7tyvCUlfG8DzQzYLF7fF4LvTyA==",
        "dependencies": {
          "NuGet.Packaging": "7.3.0"
        }
      },
      "NuGet.Versioning": {
        "type": "Transitive",
        "resolved": "7.3.0",
        "contentHash": "iOQPAdnVgj2U+K3AcdGGGcdS1tWyh3nvr64eqTDFCsDuHySBXSHRhl7eR8hdc0BZHxDjacRstbuaJKCurt2oPw=="
      },
      "aviationexam.dependencyupdater.common": {
        "type": "Project",
        "dependencies": {
          "Aviationexam.DependencyUpdater.Constants": "[1.0.0, )",
          "Aviationexam.DependencyUpdater.Interfaces": "[1.0.0, )",
          "Microsoft.Extensions.Configuration.Abstractions": "[10.0.3, )",
          "Microsoft.Extensions.DependencyInjection.Abstractions": "[10.0.3, )",
          "Microsoft.Extensions.Logging.Abstractions": "[10.0.3, )",
          "Microsoft.Extensions.Options.ConfigurationExtensions": "[10.0.3, )",
          "ZLinq": "[1.5.5, )"
        }
      },
      "aviationexam.dependencyupdater.constants": {
        "type": "Project"
      },
      "aviationexam.dependencyupdater.interfaces": {
        "type": "Project"
      },
      "Microsoft.Extensions.Configuration.Abstractions": {
        "type": "CentralTransitive",
        "requested": "[10.0.3, )",
        "resolved": "10.0.3",
        "contentHash": "xVDHL0+SIgemfh95fTO9cGLe17TWv/ZP0n7m01z8X6pzt2DmQpucioWR/mYZA1sRlkWnkXzfl0JweLNWmE9WMg==",
        "dependencies": {
          "Microsoft.Extensions.Primitives": "10.0.3"
        }
      },
      "Microsoft.Extensions.DependencyInjection.Abstractions": {
        "type": "CentralTransitive",
        "requested": "[10.0.3, )",
        "resolved": "10.0.3",
        "contentHash": "bwGMrRcAMWx2s/RDgja97p27rxSz2pEQW0+rX5cWAUWVETVJ/eyxGfjAl8vuG5a+lckWmPIE+vcuaZNVB5YDdw=="
      },
      "Microsoft.Extensions.Options.ConfigurationExtensions": {
        "type": "CentralTransitive",
        "requested": "[10.0.3, )",
        "resolved": "10.0.3",
        "contentHash": "bn6QoBbbvwmzLIFyxrnL2/e+sqoNUOGbHyfWK9DPONMv1mDCYHm/C7MusYASM31b2lUx6OiDmonb3v+dv5t0nA==",
        "dependencies": {
          "Microsoft.Extensions.Configuration.Abstractions": "10.0.3",
          "Microsoft.Extensions.Configuration.Binder": "10.0.3",
          "Microsoft.Extensions.DependencyInjection.Abstractions": "10.0.3",
          "Microsoft.Extensions.Options": "10.0.3",
          "Microsoft.Extensions.Primitives": "10.0.3"
        }
      },
      "Newtonsoft.Json": {
        "type": "CentralTransitive",
        "requested": "[13.0.4, )",
        "resolved": "13.0.4",
        "contentHash": "pdgNNMai3zv51W5aq268sujXUyx7SNdE2bj1wZcWjAQrKMFZV260lbqYop1d2GM67JI1huLRwxo9ZqnfF/lC6A=="
      },
      "System.Security.Cryptography.Pkcs": {
        "type": "CentralTransitive",
        "requested": "[9.0.13, )",
        "resolved": "9.0.13",
        "contentHash": "dxJhkuoaelvWy588wPXjShNks+ZMiSgXnN75/u+DPbER5PqKrLPDftE0BvGM7nDK/scQAVlD+gRXlCAAjWi58Q=="
      },
      "System.Security.Cryptography.ProtectedData": {
        "type": "CentralTransitive",
        "requested": "[9.0.13, )",
        "resolved": "9.0.13",
        "contentHash": "t8S9IDpjJKsLpLkeBdW8cWtcPyYqrGu93Dej1RO6WwuL/lkFSqWlan3rMJfortqz1mRIh+sys2AFsSA6jWJ3Jg=="
      },
      "ZLinq": {
        "type": "CentralTransitive",
        "requested": "[1.5.5, )",
        "resolved": "1.5.5",
        "contentHash": "gWSFd85Ru7p/fWE3qI78QT8unoddFqLy3IJ0fxr+l99GXGUDKNVvV/5ZdrKH4x7v1lfdwp+i8dR2Fzreq71q8A=="
      }
    },
    "net10.0/linux-x64": {
      "System.Security.Cryptography.Pkcs": {
        "type": "CentralTransitive",
        "requested": "[9.0.13, )",
        "resolved": "9.0.13",
        "contentHash": "dxJhkuoaelvWy588wPXjShNks+ZMiSgXnN75/u+DPbER5PqKrLPDftE0BvGM7nDK/scQAVlD+gRXlCAAjWi58Q=="
      }
    },
    "net10.0/win-x64": {
      "System.Security.Cryptography.Pkcs": {
        "type": "CentralTransitive",
        "requested": "[9.0.13, )",
        "resolved": "9.0.13",
        "contentHash": "dxJhkuoaelvWy588wPXjShNks+ZMiSgXnN75/u+DPbER5PqKrLPDftE0BvGM7nDK/scQAVlD+gRXlCAAjWi58Q=="
      }
    }
  }
}