{
  "version": 2,
  "dependencies": {
    "net10.0": {
      "Corvus.Json.ExtendedTypes": {
        "type": "Direct",
        "requested": "[5.1.16, )",
        "resolved": "5.1.16",
        "contentHash": "4Bb7+MjRTgAbkMlS9e5wQy6AtYlEsewolWmdi9EMuke11eXy6oaoUDVbHWQN3aisjolwY5SfxtS/yOZWiegoxg==",
        "dependencies": {
          "Corvus.Json.JsonReference": "5.1.16",
          "Corvus.UriTemplates": "2.3.2",
          "NodaTime": "3.3.1"
        }
      },
      "Corvus.Json.SourceGenerator": {
        "type": "Direct",
        "requested": "[5.1.16, )",
        "resolved": "5.1.16",
        "contentHash": "++nVm62FiBoSyfCbBOagunc+jkqXGMmzERDSfZ9ohUHQT2ZDnFgoq9TYIWvLL0ZWUaXLXJzOcvIO6XgO8nw5Bg=="
      },
      "Meziantou.Analyzer": {
        "type": "Direct",
        "requested": "[3.0.104, )",
        "resolved": "3.0.104",
        "contentHash": "lFbTJ7eJCUIAFlZhkF394BnBe4oIto0pCOH8cEZasPqWCMm1bevmaMsIsxO5SSezqGmzzSaeTeMKvBH1fQG5ew=="
      },
      "Microsoft.Extensions.Logging.Abstractions": {
        "type": "Direct",
        "requested": "[10.0.9, )",
        "resolved": "10.0.9",
        "contentHash": "9S/DFt4cohlMPpzIxjG6kk0L8MuN2vDm9pbMCulxtJzzk82oJHVLBd8vuQxaPskaYQwKqmFmbannf5eoChgjYg==",
        "dependencies": {
          "Microsoft.Extensions.DependencyInjection.Abstractions": "10.0.9"
        }
      },
      "Microsoft.NET.ILLink.Tasks": {
        "type": "Direct",
        "requested": "[10.0.9, )",
        "resolved": "10.0.9",
        "contentHash": "4Iw41e2h7I4t70SJcX2GCmbyKJIlA273Cfm9RJMM050/3VBejGAG1KcthP5Z2L6SQcbfbf6BhNWO26+ZG+GzMg=="
      },
      "Yaml2JsonNode": {
        "type": "Direct",
        "requested": "[3.0.1, )",
        "resolved": "3.0.1",
        "contentHash": "0MLAyLnBn6mFa/hUXi6Foz2FgQKH8WfLrzNsfUh8IB1COiP5VLu4rYJn8u3pB0zc7F3D7bk3spM+fglcp5WQAw==",
        "dependencies": {
          "YamlDotNet": "16.3.0"
        }
      },
      "YamlDotNet": {
        "type": "Direct",
        "requested": "[18.0.0, )",
        "resolved": "18.0.0",
        "contentHash": "ptHVgcYmLejGuWXV7RMFoEqFKYMXnieOlWLPzEslfDtzZ9ngMhjYwykfqjBN2+fMEAEyobozkj07lKEpR4dssA=="
      },
      "CommunityToolkit.HighPerformance": {
        "type": "Transitive",
        "resolved": "8.3.0",
        "contentHash": "2zc0Wfr9OtEbLqm6J1Jycim/nKmYv+v12CytJ3tZGNzw7n3yjh1vNCMX0kIBaFBk3sw8g0pMR86QJGXGlArC+A=="
      },
      "Corvus.HighPerformance": {
        "type": "Transitive",
        "resolved": "1.0.4",
        "contentHash": "ZSGaQQA3TosSth7bJd/pqMr+LipUiqT1/c0gxli1tI9Rn3JyxHvobnkaBLT42Mwmc49J5HEIogCn+B0+ee4k2w=="
      },
      "Corvus.Json.JsonReference": {
        "type": "Transitive",
        "resolved": "5.1.16",
        "contentHash": "V8HsNpYy7Jzvj2e42UcGSuBBznbEX1sU91xckNQqy1azn7lvL6Fhe8pf7senCHOCyHtQOZQqMhMmjyFi00QNMQ==",
        "dependencies": {
          "Corvus.HighPerformance": "1.0.4"
        }
      },
      "aviationexam.dependencyupdater.interfaces": {
        "type": "Project"
      },
      "Corvus.UriTemplates": {
        "type": "CentralTransitive",
        "requested": "[2.3.2, )",
        "resolved": "2.3.2",
        "contentHash": "XAhHr0F6IOhunpIHFzG0HQSj+/X8L1lSJAExYQl9OEIZGAUZ81pbqWtxuIHL080y1u2dEmw796D7XmM44Je2gw==",
        "dependencies": {
          "CommunityToolkit.HighPerformance": "8.3.0",
          "Corvus.HighPerformance": "1.0.0",
          "Microsoft.Extensions.ObjectPool": "8.0.8"
        }
      },
      "Microsoft.Extensions.DependencyInjection.Abstractions": {
        "type": "CentralTransitive",
        "requested": "[10.0.9, )",
        "resolved": "10.0.9",
        "contentHash": "g41l/30G3K4B/d/L8kjux0+30e27c8D0FVQ/PFCpbekgfDpj9mnDhieP67EqXWvl1EWNeZh2rpR4F5B/jcDOHA=="
      },
      "Microsoft.Extensions.ObjectPool": {
        "type": "CentralTransitive",
        "requested": "[10.0.9, )",
        "resolved": "10.0.9",
        "contentHash": "KZENCkfqO7Ciax6goUWQHDSxKH+x763hkBWMz9KpE87EyKW+EKEas9EFe9i1KgtQShG8KwKxaeJ5gd9sj6TuTQ=="
      },
      "NodaTime": {
        "type": "CentralTransitive",
        "requested": "[3.3.2, )",
        "resolved": "3.3.2",
        "contentHash": "8hI5b1ENTKQCaPyU6YHpYiMwj5aJKZ4Mnv0bLbhk65Dd44gQsXenUohMzyiIphANa8LdW6vcOvpY/l1urvx4dw=="
      }
    },
    "net10.0/linux-x64": {},
    "net10.0/win-x64": {}
  }
}