{
  "version": 2,
  "dependencies": {
    "net10.0": {
      "Corvus.Json.ExtendedTypes": {
        "type": "Direct",
        "requested": "[5.3.2, )",
        "resolved": "5.3.2",
        "contentHash": "GJwA7f/kaFJU3hktZW9CRbhu3kRQAlGvsJLqXudYmC7N+xTCBQFITvaLZHs1t5qG8PQxKMD11GEL5NbTZxdDLQ==",
        "dependencies": {
          "Corvus.Json.JsonReference": "5.3.2",
          "Corvus.UriTemplates": "2.3.2",
          "NodaTime": "3.3.1"
        }
      },
      "Corvus.Json.SourceGenerator": {
        "type": "Direct",
        "requested": "[5.3.2, )",
        "resolved": "5.3.2",
        "contentHash": "YwoH8HX+NwKjsTVNTx1xzbteDWVTpZGxsRYK9e0xcDkbiCmgnV3xVCFx/1qMUT2ROdw9M/JtRdpYag0AeRqhUg=="
      },
      "Meziantou.Analyzer": {
        "type": "Direct",
        "requested": "[3.0.151, )",
        "resolved": "3.0.151",
        "contentHash": "huD37828eRfh6jFoVI7Oq9x7yMhG6JLodE7hTJp+N8T38w7ncxmXeEzAKG8KOGggtLJZ8Dr57bq9HfuN0/ZMCg=="
      },
      "Microsoft.Extensions.Logging.Abstractions": {
        "type": "Direct",
        "requested": "[10.0.10, )",
        "resolved": "10.0.10",
        "contentHash": "zkFxGYUvdxAvIKTyXHrmW+Sux53D4SezD9dMyZ6hrwwzPQJNuwCRy1f5W7AvYTqacEGhWF2XderRQG1OvbV8og==",
        "dependencies": {
          "Microsoft.Extensions.DependencyInjection.Abstractions": "10.0.10"
        }
      },
      "Microsoft.NET.ILLink.Tasks": {
        "type": "Direct",
        "requested": "[10.0.11, )",
        "resolved": "10.0.11",
        "contentHash": "IBf7lbovvjGWVWXZX5cJ/cO0WXbId0Zq4BuSeT94mGZuOAP66oMeH9PTBZ9Jpp3Jb6jtK0qm/NyUbPRo1gC/wQ=="
      },
      "Yaml2JsonNode": {
        "type": "Direct",
        "requested": "[3.0.1, )",
        "resolved": "3.0.1",
        "contentHash": "0MLAyLnBn6mFa/hUXi6Foz2FgQKH8WfLrzNsfUh8IB1COiP5VLu4rYJn8u3pB0zc7F3D7bk3spM+fglcp5WQAw==",
        "dependencies": {
          "YamlDotNet": "16.3.0"
        }
      },
      "YamlDotNet": {
        "type": "Direct",
        "requested": "[18.1.0, )",
        "resolved": "18.1.0",
        "contentHash": "5K+9KFg2TdTl7VXv88Qzi/0lqK6JFoNP3lRuImPYGRV7K/QYklDyTrj4+A+KAki1JsQi6qKY+hDyY7d6WRqjrw=="
      },
      "CommunityToolkit.HighPerformance": {
        "type": "Transitive",
        "resolved": "8.3.0",
        "contentHash": "2zc0Wfr9OtEbLqm6J1Jycim/nKmYv+v12CytJ3tZGNzw7n3yjh1vNCMX0kIBaFBk3sw8g0pMR86QJGXGlArC+A=="
      },
      "Corvus.HighPerformance": {
        "type": "Transitive",
        "resolved": "1.0.4",
        "contentHash": "ZSGaQQA3TosSth7bJd/pqMr+LipUiqT1/c0gxli1tI9Rn3JyxHvobnkaBLT42Mwmc49J5HEIogCn+B0+ee4k2w=="
      },
      "Corvus.Json.JsonReference": {
        "type": "Transitive",
        "resolved": "5.3.2",
        "contentHash": "c2JE7RS5X9e8qgDjhVDAvcEIOhQTWdylcyyKDFhND5CuXdQuRKj0P/Q3qc5uU4GoEl5x+XUR5tYg28XfGtEFkg==",
        "dependencies": {
          "Corvus.HighPerformance": "1.0.4"
        }
      },
      "aviationexam.dependencyupdater.interfaces": {
        "type": "Project"
      },
      "Corvus.UriTemplates": {
        "type": "CentralTransitive",
        "requested": "[2.3.2, )",
        "resolved": "2.3.2",
        "contentHash": "XAhHr0F6IOhunpIHFzG0HQSj+/X8L1lSJAExYQl9OEIZGAUZ81pbqWtxuIHL080y1u2dEmw796D7XmM44Je2gw==",
        "dependencies": {
          "CommunityToolkit.HighPerformance": "8.3.0",
          "Corvus.HighPerformance": "1.0.0",
          "Microsoft.Extensions.ObjectPool": "8.0.8"
        }
      },
      "Microsoft.Extensions.DependencyInjection.Abstractions": {
        "type": "CentralTransitive",
        "requested": "[10.0.10, )",
        "resolved": "10.0.10",
        "contentHash": "z/2xXlFw2aLGjHyEm6E0tQ+In6VfzQzTrtArbQ2c0TQE16ZbyDCMGPvaUT9I0s8rgy9sRWlU2P9waW37qV04qA=="
      },
      "Microsoft.Extensions.ObjectPool": {
        "type": "CentralTransitive",
        "requested": "[10.0.10, )",
        "resolved": "10.0.10",
        "contentHash": "Tx0R6PY9MNSh0mDKSxbpHLuuec93IxF1cel+1ithQnMNr/vbfLSSHOQHGHIppAJCGfPcEo/wO1Ylj+QpXtzo3A=="
      },
      "NodaTime": {
        "type": "CentralTransitive",
        "requested": "[3.3.3, )",
        "resolved": "3.3.3",
        "contentHash": "EwouHZv99j5hraq34yQqvCQGDR59dynxPHlxFm2vY/sw2N2aR8cFel29ZxPqohjBWp9Qsnld7QCY+7uZ2PESGg=="
      }
    },
    "net10.0/linux-x64": {},
    "net10.0/win-x64": {}
  }
}