{
  "version": 2,
  "dependencies": {
    "net10.0": {
      "Corvus.Json.ExtendedTypes": {
        "type": "Direct",
        "requested": "[4.5.7, )",
        "resolved": "4.5.7",
        "contentHash": "V2raTMMhu6/QSAT5nkBUHq8vdQLO86v7Jd8ioi6vYSGbN5QGhaGVNnDHK2oCKQAy4PbGjqLu4iNXmI6w3Ves3A==",
        "dependencies": {
          "Corvus.Json.JsonReference": "4.5.7",
          "Corvus.UriTemplates": "2.3.2",
          "NodaTime": "3.3.0"
        }
      },
      "Corvus.Json.SourceGenerator": {
        "type": "Direct",
        "requested": "[4.5.7, )",
        "resolved": "4.5.7",
        "contentHash": "6tcyLyMN0BdhUD+XsNcmmliv/YsXCh5IauZf04bGXeGNY9DGZsucdUCzyvJzCf9nKFYoP04iffLE5PrUKK4Tpw=="
      },
      "Meziantou.Analyzer": {
        "type": "Direct",
        "requested": "[3.0.1, )",
        "resolved": "3.0.1",
        "contentHash": "Z/5cQIOTITr21tTod3rn4x/c5JKoWKnQrztOpQuzh4ieRGPEE2RkFB8ZF2V/ZTFqv2X3IudMwzaujIKYg4oegg=="
      },
      "Microsoft.Extensions.Logging.Abstractions": {
        "type": "Direct",
        "requested": "[10.0.3, )",
        "resolved": "10.0.3",
        "contentHash": "lxl0WLk7ROgBFAsjcOYjQ8/DVK+VMszxGBzUhgtQmAsTNldLL5pk9NG/cWTsXHq0lUhUEAtZkEE7jOGOA8bGKQ==",
        "dependencies": {
          "Microsoft.Extensions.DependencyInjection.Abstractions": "10.0.3"
        }
      },
      "Microsoft.NET.ILLink.Tasks": {
        "type": "Direct",
        "requested": "[10.0.3, )",
        "resolved": "10.0.3",
        "contentHash": "0B6nZyCHWXnvmlB559oduOspVdNOnpNXPjhpWVMovLPAsDVG7A4jJR9rzECf67JUzxP8/ee/wA8clwIzJcWNFA=="
      },
      "Yaml2JsonNode": {
        "type": "Direct",
        "requested": "[3.0.0, )",
        "resolved": "3.0.0",
        "contentHash": "3wbQWxBcYx2W25LqGbjHtFRu9bmIEIU7lJNHSMTEn/jTwIJyLjQwMGrfZUwx7q9lWOgskWrv2l7eI/B+GkcR7Q==",
        "dependencies": {
          "YamlDotNet": "16.3.0"
        }
      },
      "YamlDotNet": {
        "type": "Direct",
        "requested": "[16.3.0, )",
        "resolved": "16.3.0",
        "contentHash": "SgMOdxbz8X65z8hraIs6hOEdnkH6hESTAIUa7viEngHOYaH+6q5XJmwr1+yb9vJpNQ19hCQY69xbFsLtXpobQA=="
      },
      "CommunityToolkit.HighPerformance": {
        "type": "Transitive",
        "resolved": "8.3.0",
        "contentHash": "2zc0Wfr9OtEbLqm6J1Jycim/nKmYv+v12CytJ3tZGNzw7n3yjh1vNCMX0kIBaFBk3sw8g0pMR86QJGXGlArC+A=="
      },
      "Corvus.HighPerformance": {
        "type": "Transitive",
        "resolved": "1.0.2",
        "contentHash": "af2GSUUXftfyYSB2goYDFTxoemmp9KUo9aKuO8Efvragy8fs2HHwuUcEEQpM6ygtZI5pOQFVNe6V4+4JsxRVEw=="
      },
      "Corvus.Json.JsonReference": {
        "type": "Transitive",
        "resolved": "4.5.7",
        "contentHash": "mSwY5032g8KY/2TrAblpRmWXwf0bCEY0ASb3MHK+zmgAyxGhWIao3HRcSLHbQswqu4sm1kthN/WZI+CCgqztEg==",
        "dependencies": {
          "Corvus.HighPerformance": "1.0.2"
        }
      },
      "aviationexam.dependencyupdater.interfaces": {
        "type": "Project"
      },
      "Corvus.UriTemplates": {
        "type": "CentralTransitive",
        "requested": "[2.3.2, )",
        "resolved": "2.3.2",
        "contentHash": "XAhHr0F6IOhunpIHFzG0HQSj+/X8L1lSJAExYQl9OEIZGAUZ81pbqWtxuIHL080y1u2dEmw796D7XmM44Je2gw==",
        "dependencies": {
          "CommunityToolkit.HighPerformance": "8.3.0",
          "Corvus.HighPerformance": "1.0.0",
          "Microsoft.Extensions.ObjectPool": "8.0.8"
        }
      },
      "Microsoft.Extensions.DependencyInjection.Abstractions": {
        "type": "CentralTransitive",
        "requested": "[10.0.3, )",
        "resolved": "10.0.3",
        "contentHash": "bwGMrRcAMWx2s/RDgja97p27rxSz2pEQW0+rX5cWAUWVETVJ/eyxGfjAl8vuG5a+lckWmPIE+vcuaZNVB5YDdw=="
      },
      "Microsoft.Extensions.ObjectPool": {
        "type": "CentralTransitive",
        "requested": "[10.0.3, )",
        "resolved": "10.0.3",
        "contentHash": "dQKlVXzqflsv5X8iDlAN5YmTL1GcLCrOLKo1s9PNdfjqxeu0S/jmWTfiLGno+8+o1qFL3+VFAH5/ftmypN+sPw=="
      },
      "NodaTime": {
        "type": "CentralTransitive",
        "requested": "[3.3.0, )",
        "resolved": "3.3.0",
        "contentHash": "zmUEQPp9yXyGAqWSBhxfwdDhRh4EV04lvYn4P5bUb6dTz1m5AXTYaeSLQ447YLPI2Ge5VGFj20G2DWg5gtiXZg=="
      }
    },
    "net10.0/linux-x64": {},
    "net10.0/win-x64": {}
  }
}