{
  "version": 2,
  "dependencies": {
    "net10.0": {
      "Meziantou.Analyzer": {
        "type": "Direct",
        "requested": "[3.0.10, )",
        "resolved": "3.0.10",
        "contentHash": "LxR5iMz5BUktkyCBXNVD1jFzGOTbZvi1eg5D3i9FgJeG10d+y2CifATujsTkcuiiPfuxPh8olDNoKZaJls43Cg=="
      },
      "Microsoft.NET.ILLink.Tasks": {
        "type": "Direct",
        "requested": "[10.0.3, )",
        "resolved": "10.0.3",
        "contentHash": "0B6nZyCHWXnvmlB559oduOspVdNOnpNXPjhpWVMovLPAsDVG7A4jJR9rzECf67JUzxP8/ee/wA8clwIzJcWNFA=="
      }
    },
    "net10.0/linux-x64": {},
    "net10.0/win-x64": {}
  }
}