{
  "version": 2,
  "dependencies": {
    "net10.0": {
      "Meziantou.Analyzer": {
        "type": "Direct",
        "requested": "[3.0.29, )",
        "resolved": "3.0.29",
        "contentHash": "oC1v3e0kWDV+lA5VcNIkY7e8/Cz1WcrxD9cP2JXzpjQC/iiwiGzqu8aGsVxyEyYFko1WuvvNENrCd24C60Yxhg=="
      },
      "Microsoft.NET.ILLink.Tasks": {
        "type": "Direct",
        "requested": "[10.0.5, )",
        "resolved": "10.0.5",
        "contentHash": "A+5ZuQ0f449tM+MQrhf6R9ZX7lYpjk/ODEwLYKrnF6111rtARx8fVsm4YznUnQiKnnXfaXNBqgxmil6RW3L3SA=="
      }
    },
    "net10.0/linux-x64": {},
    "net10.0/win-x64": {}
  }
}