{
  "version": 2,
  "dependencies": {
    "net9.0": {
      "Meziantou.Analyzer": {
        "type": "Direct",
        "requested": "[2.0.205, )",
        "resolved": "2.0.205",
        "contentHash": "adw/4fuYeVyu92yHtoKpjtaBe4VVEjc1nMO/Wy2rZ3ZtOGcNvN6SXwJYAxPDUgDPWwAvfoPYE/jO++1sCs3V8w=="
      },
      "Microsoft.NET.ILLink.Tasks": {
        "type": "Direct",
        "requested": "[9.0.8, )",
        "resolved": "9.0.8",
        "contentHash": "rd1CbIsMtVPtZNTIVD6Xydue//klYOOQIDpRgu3BHtv17AlpRs74/6QFbcYgMm/jL+naVU2T3OFLxVSLV5lQLQ=="
      },
      "Microsoft.NET.Test.Sdk": {
        "type": "Direct",
        "requested": "[17.14.1, )",
        "resolved": "17.14.1",
        "contentHash": "HJKqKOE+vshXra2aEHpi2TlxYX7Z9VFYkr+E5rwEvHC8eIXiyO+K9kNm8vmNom3e2rA56WqxU+/N9NJlLGXsJQ==",
        "dependencies": {
          "Microsoft.CodeCoverage": "17.14.1",
          "Microsoft.TestPlatform.TestHost": "17.14.1"
        }
      },
      "NSubstitute": {
        "type": "Direct",
        "requested": "[5.3.0, )",
        "resolved": "5.3.0",
        "contentHash": "lJ47Cps5Qzr86N99lcwd+OUvQma7+fBgr8+Mn+aOC0WrlqMNkdivaYD9IvnZ5Mqo6Ky3LS7ZI+tUq1/s9ERd0Q==",
        "dependencies": {
          "Castle.Core": "5.1.1"
        }
      },
      "NSubstitute.Analyzers.CSharp": {
        "type": "Direct",
        "requested": "[1.0.17, )",
        "resolved": "1.0.17",
        "contentHash": "Pwz0MD7CAM/G/fvJjM3ceOfI+S0IgjanHcK7evwyrW9qAWUG8fgiEXYfSX1/s3h2JUNDOw6ik0G8zp+RT61Y1g=="
      },
      "xunit.v3": {
        "type": "Direct",
        "requested": "[3.0.0, )",
        "resolved": "3.0.0",
        "contentHash": "IzPThK1+JjkBJzMWrWtMZY7FtYagnpg3cBwR/8XJE5mK6JPwz5nz/auQ9Ln02DZCK3O3E1kHyMC1f490/6g6dQ==",
        "dependencies": {
          "xunit.analyzers": "1.23.0",
          "xunit.v3.assert": "[3.0.0]",
          "xunit.v3.core": "[3.0.0]"
        }
      },
      "Microsoft.CodeCoverage": {
        "type": "Transitive",
        "resolved": "17.14.1",
        "contentHash": "pmTrhfFIoplzFVbhVwUquT+77CbGH+h4/3mBpdmIlYtBi9nAB+kKI6dN3A/nV4DFi3wLLx/BlHIPK+MkbQ6Tpg=="
      },
      "Microsoft.Extensions.Configuration.Binder": {
        "type": "Transitive",
        "resolved": "9.0.8",
        "contentHash": "0vK9DnYrYChdiH3yRZWkkp4x4LbrfkWEdBc5HOsQ8t/0CLOWKXKkkhOE8A1shlex0hGydbGrhObeypxz/QTm+w==",
        "dependencies": {
          "Microsoft.Extensions.Configuration.Abstractions": "9.0.8"
        }
      },
      "Microsoft.Extensions.Options": {
        "type": "Transitive",
        "resolved": "9.0.8",
        "contentHash": "OmTaQ0v4gxGQkehpwWIqPoEiwsPuG/u4HUsbOFoWGx4DKET2AXzopnFe/fE608FIhzc/kcg2p8JdyMRCCUzitQ==",
        "dependencies": {
          "Microsoft.Extensions.DependencyInjection.Abstractions": "9.0.8",
          "Microsoft.Extensions.Primitives": "9.0.8"
        }
      },
      "Microsoft.Extensions.Primitives": {
        "type": "Transitive",
        "resolved": "9.0.8",
        "contentHash": "tizSIOEsIgSNSSh+hKeUVPK7xmTIjR8s+mJWOu1KXV3htvNQiPMFRMO17OdI1y/4ZApdBVk49u/08QGC9yvLug=="
      },
      "Microsoft.Testing.Extensions.TrxReport.Abstractions": {
        "type": "Transitive",
        "resolved": "1.7.3",
        "contentHash": "dDEETHbX5JQBMIFgBPkX/FmCU4DRQSG+k58QUtz7zTdnEZDafPKH6YHSMoHY3blDiZV/vcSol35Ux3WC7wU+9Q==",
        "dependencies": {
          "Microsoft.Testing.Platform": "1.7.3"
        }
      },
      "Microsoft.Testing.Platform": {
        "type": "Transitive",
        "resolved": "1.7.3",
        "contentHash": "cI6u+CPxv3+07cbSwJVKOfxFrecbjfZnid1fe8EMhyPY4qmsSNnm+hN+GIy8u4JIlrADfrskDiwnScjRzVzJNw=="
      },
      "Microsoft.Testing.Platform.MSBuild": {
        "type": "Transitive",
        "resolved": "1.7.3",
        "contentHash": "tSIKXv7tLLYDjfodqLuTigsmOVcYj0CDC1rYeac5MTgHjbYV8IfmYh4FprBt/xE1zW8phkCYP766F9ayo560jA==",
        "dependencies": {
          "Microsoft.Testing.Platform": "1.7.3"
        }
      },
      "Microsoft.TestPlatform.ObjectModel": {
        "type": "Transitive",
        "resolved": "17.14.1",
        "contentHash": "xTP1W6Mi6SWmuxd3a+jj9G9UoC850WGwZUps1Wah9r1ZxgXhdJfj1QqDLJkFjHDCvN42qDL2Ps5KjQYWUU0zcQ==",
        "dependencies": {
          "System.Reflection.Metadata": "8.0.0"
        }
      },
      "Microsoft.TestPlatform.TestHost": {
        "type": "Transitive",
        "resolved": "17.14.1",
        "contentHash": "d78LPzGKkJwsJXAQwsbJJ7LE7D1wB+rAyhHHAaODF+RDSQ0NgMjDFkSA1Djw18VrxO76GlKAjRUhl+H8NL8Z+Q==",
        "dependencies": {
          "Microsoft.TestPlatform.ObjectModel": "17.14.1",
          "Newtonsoft.Json": "13.0.3"
        }
      },
      "NuGet.Common": {
        "type": "Transitive",
        "resolved": "6.14.0",
        "contentHash": "E+IyoDez4kPrjNPYp41fScowTuSjGifXfjrtU9p9XlQDOGig6vrikQDCMeo6BT6YmT9vUZ+Tb1CX8ru8z0bkNg==",
        "dependencies": {
          "NuGet.Frameworks": "6.14.0",
          "System.Collections.Immutable": "8.0.0"
        }
      },
      "NuGet.Configuration": {
        "type": "Transitive",
        "resolved": "6.14.0",
        "contentHash": "YwoF+Nm0IGdNP/LQ97xysCQlhy4oWIzD4oGcbvz5bQGogPrqn/5lSGwP8llmVv+zfJ6tZZDAT9vh4Q+gH0Aqqg==",
        "dependencies": {
          "NuGet.Common": "6.14.0",
          "System.Security.Cryptography.ProtectedData": "4.4.0"
        }
      },
      "NuGet.DependencyResolver.Core": {
        "type": "Transitive",
        "resolved": "6.14.0",
        "contentHash": "+HzFyz325QlTMmmKXLvBxWUqpJTw8eW+6Jj5WLpur7PtiW5OJlQtex1GToT5XcVzSu7vUALAyALt/LMS5GCUDw==",
        "dependencies": {
          "NuGet.Configuration": "6.14.0",
          "NuGet.LibraryModel": "6.14.0",
          "NuGet.Protocol": "6.14.0"
        }
      },
      "NuGet.Frameworks": {
        "type": "Transitive",
        "resolved": "6.14.0",
        "contentHash": "xZ37J58DQAkVUX29qoMwla26iBYRScdcfSGNe1FIZjCX1tpafN9n7TinrkRxaJqYzW0D8Ob8a3eRSYhwEUauCA=="
      },
      "NuGet.LibraryModel": {
        "type": "Transitive",
        "resolved": "6.14.0",
        "contentHash": "XzeNUtcPDo+FpjifUd6R1gdex1YtnyyEq5xHzHurNgythHCL2N56MOMCrOOEwB5zcOz19GHn3fFtbpMcfph7YA==",
        "dependencies": {
          "NuGet.Common": "6.14.0",
          "NuGet.Versioning": "6.14.0",
          "System.Collections.Immutable": "8.0.0"
        }
      },
      "NuGet.Packaging": {
        "type": "Transitive",
        "resolved": "6.14.0",
        "contentHash": "BpQlGpkuAhrh6x00mGvwK13a5c30vX3FYQbWI11LIyXl/nWmoOQSZrB3yEAh9ihibeGo8SunWZBGXvkkJUxbEg==",
        "dependencies": {
          "Newtonsoft.Json": "13.0.3",
          "NuGet.Configuration": "6.14.0",
          "NuGet.Versioning": "6.14.0",
          "System.Security.Cryptography.Pkcs": "6.0.4"
        }
      },
      "NuGet.Protocol": {
        "type": "Transitive",
        "resolved": "6.14.0",
        "contentHash": "hYk9j/ZKErdiK0tFaqsrRtT5q+sJ2VjCUrgFCQG2wGhAlmb8YaBzYLOGDvRdFwuvTi5I+KRuVHPqhc010Np1Bg==",
        "dependencies": {
          "NuGet.Packaging": "6.14.0"
        }
      },
      "NuGet.Versioning": {
        "type": "Transitive",
        "resolved": "6.14.0",
        "contentHash": "4v4blkhCv8mpKtfx+z0G/X0daVCzdIaHSC51GkUspugi5JIMn2Bo8xm5PdZYF0U68gOBfz/+aPWMnpRd85Jbow=="
      },
      "xunit.analyzers": {
        "type": "Transitive",
        "resolved": "1.23.0",
        "contentHash": "WCkO1FPTWoESLhghoXA881CulRYpve0UrXLsL5aYcLQd9SlD+oADb16NAP+SE5o3w0FM2MzGTklBwY8yUfj0ng=="
      },
      "xunit.v3.assert": {
        "type": "Transitive",
        "resolved": "3.0.0",
        "contentHash": "tlEmAE8uQ9fOhbNyg7sLJiYhekeD4LFRDJRZrv3mdnvJv7kfb2Z1OmJcsMHF+/N/QE/vTtwqRItiPJZGpOw/EQ=="
      },
      "xunit.v3.common": {
        "type": "Transitive",
        "resolved": "3.0.0",
        "contentHash": "8bPJb2N2kYWSa9c9pkUtQmzWc2+0wKxWo9NIgUev6DX+TkXjdBUh6zY0LPVIdSGxsl3swjn4+gEpj5QjrzZiQw==",
        "dependencies": {
          "Microsoft.Bcl.AsyncInterfaces": "6.0.0"
        }
      },
      "xunit.v3.core": {
        "type": "Transitive",
        "resolved": "3.0.0",
        "contentHash": "c71CPzXXTbnmr3iz2dmo4OniOWNM+30DtWQxpepKVjLIFRYimP+ahn/pjPHSmDqL2xl2tewosLNFodyijcnBLQ==",
        "dependencies": {
          "Microsoft.Testing.Platform.MSBuild": "1.7.3",
          "xunit.v3.extensibility.core": "[3.0.0]",
          "xunit.v3.runner.inproc.console": "[3.0.0]"
        }
      },
      "xunit.v3.extensibility.core": {
        "type": "Transitive",
        "resolved": "3.0.0",
        "contentHash": "bzYmxPXtuLDwueg5gqB4/JlCShqHO/weZVgsOxgvMSw4ulyKFqv78JpUE1+aluJWitrfeaL6P8mfPV6zLQS49w==",
        "dependencies": {
          "xunit.v3.common": "[3.0.0]"
        }
      },
      "xunit.v3.runner.common": {
        "type": "Transitive",
        "resolved": "3.0.0",
        "contentHash": "GIk0y3T/siVtU2rwbPPC/PFANHlAbknwWmxNOPqyz+NviFTKY3sILeHeotQff4MT+Rk0tjPGNAwCtzp9fRPLpQ==",
        "dependencies": {
          "xunit.v3.common": "[3.0.0]"
        }
      },
      "xunit.v3.runner.inproc.console": {
        "type": "Transitive",
        "resolved": "3.0.0",
        "contentHash": "V0ZxjXFRVDoscU4SfVFvHVzqhGbevBitl7Yn3Vn6s+NqFmwP4tY6/o3ZU9skAQ1bgtfNUEYfrwYTzzoeQFbNQw==",
        "dependencies": {
          "Microsoft.Testing.Extensions.TrxReport.Abstractions": "1.7.3",
          "Microsoft.Testing.Platform": "1.7.3",
          "xunit.v3.extensibility.core": "[3.0.0]",
          "xunit.v3.runner.common": "[3.0.0]"
        }
      },
      "aviationexam.dependencyupdater.common": {
        "type": "Project",
        "dependencies": {
          "Aviationexam.DependencyUpdater.Constants": "[1.0.0, )",
          "Aviationexam.DependencyUpdater.Interfaces": "[1.0.0, )",
          "Microsoft.Extensions.Configuration.Abstractions": "[9.0.8, )",
          "Microsoft.Extensions.DependencyInjection.Abstractions": "[9.0.8, )",
          "Microsoft.Extensions.Logging.Abstractions": "[9.0.8, )",
          "Microsoft.Extensions.Options.ConfigurationExtensions": "[9.0.8, )"
        }
      },
      "aviationexam.dependencyupdater.constants": {
        "type": "Project"
      },
      "aviationexam.dependencyupdater.interfaces": {
        "type": "Project"
      },
      "aviationexam.dependencyupdater.nuget": {
        "type": "Project",
        "dependencies": {
          "Aviationexam.DependencyUpdater.Common": "[1.0.0, )",
          "Aviationexam.DependencyUpdater.Interfaces": "[1.0.0, )",
          "Microsoft.Extensions.Logging.Abstractions": "[9.0.8, )",
          "NuGet.ProjectModel": "[6.14.0, )",
          "System.Linq.Async": "[6.0.3, )"
        }
      },
      "aviationexam.dependencyupdater.testsinfrastructure": {
        "type": "Project"
      },
      "Castle.Core": {
        "type": "CentralTransitive",
        "requested": "[5.2.1, )",
        "resolved": "5.2.1",
        "contentHash": "wHARzQA695jwwKreOzNsq54KiGqKP38tv8hi8e2FXDEC/sA6BtrX90tVPDkOfVu13PbEzr00TCV8coikl+D1Iw==",
        "dependencies": {
          "System.Diagnostics.EventLog": "6.0.0"
        }
      },
      "Microsoft.Bcl.AsyncInterfaces": {
        "type": "CentralTransitive",
        "requested": "[9.0.5, )",
        "resolved": "9.0.5",
        "contentHash": "eNQDjbtFj8kOLxbckCbn2JXTsnzK8+xkA4jg7NULO9jhIvlOSngC9BFzmiqVPpw1INQaP1pQ3YteY2XhfWNjtQ=="
      },
      "Microsoft.Extensions.Configuration.Abstractions": {
        "type": "CentralTransitive",
        "requested": "[9.0.8, )",
        "resolved": "9.0.8",
        "contentHash": "yNou2KM35RvzOh4vUFtl2l33rWPvOCoba+nzEDJ+BgD8aOL/jew4WPCibQvntRfOJ2pJU8ARygSMD+pdjvDHuA==",
        "dependencies": {
          "Microsoft.Extensions.Primitives": "9.0.8"
        }
      },
      "Microsoft.Extensions.DependencyInjection.Abstractions": {
        "type": "CentralTransitive",
        "requested": "[9.0.8, )",
        "resolved": "9.0.8",
        "contentHash": "xY3lTjj4+ZYmiKIkyWitddrp1uL5uYiweQjqo4BKBw01ZC4HhcfgLghDpPZcUlppgWAFqFy9SgkiYWOMx365pw=="
      },
      "Microsoft.Extensions.Logging.Abstractions": {
        "type": "CentralTransitive",
        "requested": "[9.0.8, )",
        "resolved": "9.0.8",
        "contentHash": "pYnAffJL7ARD/HCnnPvnFKSIHnTSmWz84WIlT9tPeQ4lHNiu0Az7N/8itihWvcF8sT+VVD5lq8V+ckMzu4SbOw==",
        "dependencies": {
          "Microsoft.Extensions.DependencyInjection.Abstractions": "9.0.8"
        }
      },
      "Microsoft.Extensions.Options.ConfigurationExtensions": {
        "type": "CentralTransitive",
        "requested": "[9.0.8, )",
        "resolved": "9.0.8",
        "contentHash": "eW2s6n06x0w6w4nsX+SvpgsFYkl+Y0CttYAt6DKUXeqprX+hzNqjSfOh637fwNJBg7wRBrOIRHe49gKiTgJxzQ==",
        "dependencies": {
          "Microsoft.Extensions.Configuration.Abstractions": "9.0.8",
          "Microsoft.Extensions.Configuration.Binder": "9.0.8",
          "Microsoft.Extensions.DependencyInjection.Abstractions": "9.0.8",
          "Microsoft.Extensions.Options": "9.0.8",
          "Microsoft.Extensions.Primitives": "9.0.8"
        }
      },
      "Newtonsoft.Json": {
        "type": "CentralTransitive",
        "requested": "[13.0.3, )",
        "resolved": "13.0.3",
        "contentHash": "HrC5BXdl00IP9zeV+0Z848QWPAoCr9P3bDEZguI+gkLcBKAOxix/tLEAAHC+UvDNPv4a2d18lOReHMOagPa+zQ=="
      },
      "NuGet.ProjectModel": {
        "type": "CentralTransitive",
        "requested": "[6.14.0, )",
        "resolved": "6.14.0",
        "contentHash": "gM+d9DZTSwkNSqhLiCIQvkacF8BOjRlDk1ldt2H42SC0QU62lSpD79R5Z9dUrVbHkzxGgaA9u1S042KUy/tdzg==",
        "dependencies": {
          "NuGet.DependencyResolver.Core": "6.14.0"
        }
      },
      "System.Collections.Immutable": {
        "type": "CentralTransitive",
        "requested": "[9.0.5, )",
        "resolved": "9.0.5",
        "contentHash": "lVPwqkFWucEB13zcXpvMCmG+xp0HTSxVyAiG7c0AC8qsQ1ZaC5O8evb9QGR6PKmJZch3VuFKnzkl+SA78dvjeA=="
      },
      "System.Diagnostics.EventLog": {
        "type": "CentralTransitive",
        "requested": "[9.0.7, )",
        "resolved": "9.0.7",
        "contentHash": "AJ+9fyCtQUImntxAJ9l4PZiCd4iepuk4pm7Qcno7PBIWQnfXlvwKuFsGk2H+QyY69GUVzDP2heELW6ho5BCXUg=="
      },
      "System.Linq.Async": {
        "type": "CentralTransitive",
        "requested": "[6.0.3, )",
        "resolved": "6.0.3",
        "contentHash": "hSHiq2m1ky7zUQgTp+/2h1K3lABIQ+GltRixoclHPg/Sc1vnfeS6g/Uy5moOVZKrZJdQiFPFZd6OobBp3tZcFg=="
      },
      "System.Reflection.Metadata": {
        "type": "CentralTransitive",
        "requested": "[9.0.5, )",
        "resolved": "9.0.5",
        "contentHash": "ulMSHTq7/6g8ZWFFPSQreZqe7FIrPXOyq7rXUsmfQX3d/sK2wqEBxxFeWeuQBxrVXEj+w+UremzgcjWdJaIh1A=="
      },
      "System.Security.Cryptography.Pkcs": {
        "type": "CentralTransitive",
        "requested": "[9.0.5, )",
        "resolved": "9.0.5",
        "contentHash": "7CmpoOp7auyc7fdVgZSUhR+QYMsF2XH+uKbjDYrvyTvehDlKuic+Hhv9RM+Wyf5xMnC28RrTGgzmo5fFt0Fmxg=="
      },
      "System.Security.Cryptography.ProtectedData": {
        "type": "CentralTransitive",
        "requested": "[9.0.5, )",
        "resolved": "9.0.5",
        "contentHash": "tgS+q4zR08qX4ZA/HPtpNXU2i1EDRBNhNtbTGFdSgYyWcKf5mUtlihbzKcYqArisG1b3x4dk/FIOiWxnHrSENw=="
      }
    },
    "net9.0/linux-x64": {
      "System.Diagnostics.EventLog": {
        "type": "CentralTransitive",
        "requested": "[9.0.7, )",
        "resolved": "9.0.7",
        "contentHash": "AJ+9fyCtQUImntxAJ9l4PZiCd4iepuk4pm7Qcno7PBIWQnfXlvwKuFsGk2H+QyY69GUVzDP2heELW6ho5BCXUg=="
      },
      "System.Security.Cryptography.Pkcs": {
        "type": "CentralTransitive",
        "requested": "[9.0.5, )",
        "resolved": "9.0.5",
        "contentHash": "7CmpoOp7auyc7fdVgZSUhR+QYMsF2XH+uKbjDYrvyTvehDlKuic+Hhv9RM+Wyf5xMnC28RrTGgzmo5fFt0Fmxg=="
      }
    },
    "net9.0/win-x64": {
      "System.Diagnostics.EventLog": {
        "type": "CentralTransitive",
        "requested": "[9.0.7, )",
        "resolved": "9.0.7",
        "contentHash": "AJ+9fyCtQUImntxAJ9l4PZiCd4iepuk4pm7Qcno7PBIWQnfXlvwKuFsGk2H+QyY69GUVzDP2heELW6ho5BCXUg=="
      },
      "System.Security.Cryptography.Pkcs": {
        "type": "CentralTransitive",
        "requested": "[9.0.5, )",
        "resolved": "9.0.5",
        "contentHash": "7CmpoOp7auyc7fdVgZSUhR+QYMsF2XH+uKbjDYrvyTvehDlKuic+Hhv9RM+Wyf5xMnC28RrTGgzmo5fFt0Fmxg=="
      }
    }
  }
}