{
  "version": 2,
  "dependencies": {
    "net9.0": {
      "Meziantou.Analyzer": {
        "type": "Direct",
        "requested": "[2.0.219, )",
        "resolved": "2.0.219",
        "contentHash": "vknqxTO59DkRmsuyA3GoQ8zLODHTVrt2enVozcRLY22D3LRJm3qRNYIkpFl1lfejOsahrMwObtYzKLmWf7/XTQ=="
      },
      "Microsoft.NET.ILLink.Tasks": {
        "type": "Direct",
        "requested": "[9.0.9, )",
        "resolved": "9.0.9",
        "contentHash": "cHi1os/s6aobEgNkbOh/jW+ru//rHuedvj4PmTh2mMY7et/mJjqphBeXeKCesDvMd0+E2JyX9EPZZC4VRKslXg=="
      }
    },
    "net9.0/linux-x64": {},
    "net9.0/win-x64": {}
  }
}